// !$*UTF8*$!
{
	archiveVersion = 1;
	classes = {
	};
	objectVersion = 48;
	objects = {

/* Begin PBXBuildFile section */
		CC0963311FFDC07000D3FAD1 /* Assets.xcassets in Resources */ = {isa = PBXBuildFile; fileRef = CC0963301FFDC07000D3FAD1 /* Assets.xcassets */; };
		CC0963341FFDC07000D3FAD1 /* LaunchScreen.storyboard in Resources */ = {isa = PBXBuildFile; fileRef = CC0963321FFDC07000D3FAD1 /* LaunchScreen.storyboard */; };
		CC0963371FFDC07000D3FAD1 /* main.m in Sources */ = {isa = PBXBuildFile; fileRef = CC0963361FFDC07000D3FAD1 /* main.m */; };
		CC0963411FFDC07000D3FAD1 /* TTCreditCardTests.m in Sources */ = {isa = PBXBuildFile; fileRef = CC0963401FFDC07000D3FAD1 /* TTCreditCardTests.m */; };
		CC09634C1FFDC07000D3FAD1 /* TTCreditCardUITests.m in Sources */ = {isa = PBXBuildFile; fileRef = CC09634B1FFDC07000D3FAD1 /* TTCreditCardUITests.m */; };
		CC09635C1FFDC3EC00D3FAD1 /* AppDelegate.m in Sources */ = {isa = PBXBuildFile; fileRef = CC09635B1FFDC3EC00D3FAD1 /* AppDelegate.m */; };
		CC0963711FFDC5AB00D3FAD1 /* BaseViewController.m in Sources */ = {isa = PBXBuildFile; fileRef = CC0963701FFDC5AA00D3FAD1 /* BaseViewController.m */; };
		CC0963C21FFDC5FE00D3FAD1 /* UIColor+RGB.m in Sources */ = {isa = PBXBuildFile; fileRef = CC0963751FFDC5FE00D3FAD1 /* UIColor+RGB.m */; };
		CC0963C31FFDC5FE00D3FAD1 /* UIImage+Verb.m in Sources */ = {isa = PBXBuildFile; fileRef = CC0963771FFDC5FE00D3FAD1 /* UIImage+Verb.m */; };
		CC0963C41FFDC5FE00D3FAD1 /* CodeScan.bundle in Resources */ = {isa = PBXBuildFile; fileRef = CC09637A1FFDC5FE00D3FAD1 /* CodeScan.bundle */; };
		CC0963C51FFDC5FE00D3FAD1 /* JQScanResultViewController.m in Sources */ = {isa = PBXBuildFile; fileRef = CC09637C1FFDC5FE00D3FAD1 /* JQScanResultViewController.m */; };
		CC0963C61FFDC5FE00D3FAD1 /* JQScanResultViewController.xib in Resources */ = {isa = PBXBuildFile; fileRef = CC09637D1FFDC5FE00D3FAD1 /* JQScanResultViewController.xib */; };
		CC0963C71FFDC5FE00D3FAD1 /* JQScanViewController.m in Sources */ = {isa = PBXBuildFile; fileRef = CC09637F1FFDC5FE00D3FAD1 /* JQScanViewController.m */; };
		CC0963C81FFDC5FE00D3FAD1 /* JQTest.png in Resources */ = {isa = PBXBuildFile; fileRef = CC0963801FFDC5FE00D3FAD1 /* JQTest.png */; };
		CC0963C91FFDC5FE00D3FAD1 /* MyQRViewController.m in Sources */ = {isa = PBXBuildFile; fileRef = CC0963821FFDC5FE00D3FAD1 /* MyQRViewController.m */; };
		CC0963CA1FFDC5FE00D3FAD1 /* JQScanLineAnimation.m in Sources */ = {isa = PBXBuildFile; fileRef = CC0963851FFDC5FE00D3FAD1 /* JQScanLineAnimation.m */; };
		CC0963CB1FFDC5FE00D3FAD1 /* JQScanNative.m in Sources */ = {isa = PBXBuildFile; fileRef = CC0963871FFDC5FE00D3FAD1 /* JQScanNative.m */; };
		CC0963CC1FFDC5FE00D3FAD1 /* JQScanNetAnimation.m in Sources */ = {isa = PBXBuildFile; fileRef = CC0963891FFDC5FE00D3FAD1 /* JQScanNetAnimation.m */; };
		CC0963CD1FFDC5FE00D3FAD1 /* JQScanResult.m in Sources */ = {isa = PBXBuildFile; fileRef = CC09638B1FFDC5FE00D3FAD1 /* JQScanResult.m */; };
		CC0963CE1FFDC5FE00D3FAD1 /* JQScanVideoZoomView.m in Sources */ = {isa = PBXBuildFile; fileRef = CC09638D1FFDC5FE00D3FAD1 /* JQScanVideoZoomView.m */; };
		CC0963CF1FFDC5FE00D3FAD1 /* JQScanView.m in Sources */ = {isa = PBXBuildFile; fileRef = CC09638F1FFDC5FE00D3FAD1 /* JQScanView.m */; };
		CC0963D01FFDC5FE00D3FAD1 /* JQScanViewStyle.m in Sources */ = {isa = PBXBuildFile; fileRef = CC0963911FFDC5FE00D3FAD1 /* JQScanViewStyle.m */; };
		CC0963D11FFDC5FE00D3FAD1 /* JQScanWrapper.m in Sources */ = {isa = PBXBuildFile; fileRef = CC0963931FFDC5FE00D3FAD1 /* JQScanWrapper.m */; };
		CC0963D21FFDC5FE00D3FAD1 /* JQZXCapture.m in Sources */ = {isa = PBXBuildFile; fileRef = CC0963951FFDC5FE00D3FAD1 /* JQZXCapture.m */; };
		CC0963D31FFDC5FE00D3FAD1 /* JQZXingWrapper.m in Sources */ = {isa = PBXBuildFile; fileRef = CC0963981FFDC5FE00D3FAD1 /* JQZXingWrapper.m */; };
		CC0963D41FFDC5FE00D3FAD1 /* JQZXScanViewController.m in Sources */ = {isa = PBXBuildFile; fileRef = CC09639A1FFDC5FE00D3FAD1 /* JQZXScanViewController.m */; };
		CC0963D51FFDC5FE00D3FAD1 /* CXAHyperlinkLabel.m in Sources */ = {isa = PBXBuildFile; fileRef = CC09639D1FFDC5FE00D3FAD1 /* CXAHyperlinkLabel.m */; };
		CC0963D61FFDC5FE00D3FAD1 /* NSAttributedString+CXACoreTextFrameSize.m in Sources */ = {isa = PBXBuildFile; fileRef = CC09639F1FFDC5FE00D3FAD1 /* NSAttributedString+CXACoreTextFrameSize.m */; };
		CC0963D71FFDC5FE00D3FAD1 /* NSString+CXAHyperlinkParser.m in Sources */ = {isa = PBXBuildFile; fileRef = CC0963A11FFDC5FE00D3FAD1 /* NSString+CXAHyperlinkParser.m */; };
		CC0963D81FFDC5FE00D3FAD1 /* CityData.plist in Resources */ = {isa = PBXBuildFile; fileRef = CC0963A41FFDC5FE00D3FAD1 /* CityData.plist */; };
		CC0963D91FFDC5FE00D3FAD1 /* NicknameViewController.m in Sources */ = {isa = PBXBuildFile; fileRef = CC0963A61FFDC5FE00D3FAD1 /* NicknameViewController.m */; };
		CC0963DA1FFDC5FE00D3FAD1 /* SignatureViewController.m in Sources */ = {isa = PBXBuildFile; fileRef = CC0963A81FFDC5FE00D3FAD1 /* SignatureViewController.m */; };
		CC0963DB1FFDC5FE00D3FAD1 /* WYBirthdayPickerView.m in Sources */ = {isa = PBXBuildFile; fileRef = CC0963AA1FFDC5FE00D3FAD1 /* WYBirthdayPickerView.m */; };
		CC0963DC1FFDC5FE00D3FAD1 /* WYCityPickerView.m in Sources */ = {isa = PBXBuildFile; fileRef = CC0963AC1FFDC5FE00D3FAD1 /* WYCityPickerView.m */; };
		CC0963DD1FFDC5FE00D3FAD1 /* WYGenderPickerView.m in Sources */ = {isa = PBXBuildFile; fileRef = CC0963AE1FFDC5FE00D3FAD1 /* WYGenderPickerView.m */; };
		CC0963DE1FFDC5FE00D3FAD1 /* WYHeightPickerView.m in Sources */ = {isa = PBXBuildFile; fileRef = CC0963B01FFDC5FE00D3FAD1 /* WYHeightPickerView.m */; };
		CC0963DF1FFDC5FE00D3FAD1 /* WYLongTextInputView.m in Sources */ = {isa = PBXBuildFile; fileRef = CC0963B21FFDC5FE00D3FAD1 /* WYLongTextInputView.m */; };
		CC0963E01FFDC5FE00D3FAD1 /* 返回@2x.png in Resources */ = {isa = PBXBuildFile; fileRef = CC0963B31FFDC5FE00D3FAD1 /* 返回@2x.png */; };
		CC0963E11FFDC5FE00D3FAD1 /* 返回@3x.png in Resources */ = {isa = PBXBuildFile; fileRef = CC0963B41FFDC5FE00D3FAD1 /* 返回@3x.png */; };
		CC0963E21FFDC5FE00D3FAD1 /* WYTableViewCellWithBigImageView.m in Sources */ = {isa = PBXBuildFile; fileRef = CC0963B71FFDC5FE00D3FAD1 /* WYTableViewCellWithBigImageView.m */; };
		CC0963E31FFDC5FE00D3FAD1 /* WYTableViewCellWithImageView.m in Sources */ = {isa = PBXBuildFile; fileRef = CC0963B91FFDC5FE00D3FAD1 /* WYTableViewCellWithImageView.m */; };
		CC0963E41FFDC5FE00D3FAD1 /* WYTableViewCellWithBigLabel.m in Sources */ = {isa = PBXBuildFile; fileRef = CC0963BC1FFDC5FE00D3FAD1 /* WYTableViewCellWithBigLabel.m */; };
		CC0963E51FFDC5FE00D3FAD1 /* WYTableViewCellWithLabel.m in Sources */ = {isa = PBXBuildFile; fileRef = CC0963BE1FFDC5FE00D3FAD1 /* WYTableViewCellWithLabel.m */; };
		CC0963E61FFDC5FE00D3FAD1 /* TKDataService.m in Sources */ = {isa = PBXBuildFile; fileRef = CC0963C11FFDC5FE00D3FAD1 /* TKDataService.m */; };
		CC0963E91FFDC69600D3FAD1 /* TTRootViewController.m in Sources */ = {isa = PBXBuildFile; fileRef = CC0963E81FFDC69600D3FAD1 /* TTRootViewController.m */; };
		CC0963F01FFDCC2C00D3FAD1 /* HomeViewController.m in Sources */ = {isa = PBXBuildFile; fileRef = CC0963EF1FFDCC2C00D3FAD1 /* HomeViewController.m */; };
		CC0963F31FFDCC8400D3FAD1 /* AccountsViewController.m in Sources */ = {isa = PBXBuildFile; fileRef = CC0963F21FFDCC8400D3FAD1 /* AccountsViewController.m */; };
		CC0963F61FFDCCBE00D3FAD1 /* ApplyViewController.m in Sources */ = {isa = PBXBuildFile; fileRef = CC0963F51FFDCCBE00D3FAD1 /* ApplyViewController.m */; };
		CC0963F91FFDCD2400D3FAD1 /* PersonViewController.m in Sources */ = {isa = PBXBuildFile; fileRef = CC0963F81FFDCD2400D3FAD1 /* PersonViewController.m */; };
		CC0963FB1FFDCDFF00D3FAD1 /* libxml2.2.tbd in Frameworks */ = {isa = PBXBuildFile; fileRef = CC0963FA1FFDCDFE00D3FAD1 /* libxml2.2.tbd */; };
		CC0963FD1FFDCE5100D3FAD1 /* HealthKit.framework in Frameworks */ = {isa = PBXBuildFile; fileRef = CC0963FC1FFDCE5000D3FAD1 /* HealthKit.framework */; };
		CCDEBDA21FFF4DFE00F1777C /* DetailedView.m in Sources */ = {isa = PBXBuildFile; fileRef = CCDEBDA01FFF4DFE00F1777C /* DetailedView.m */; };
		CCDEBDA51FFF516B00F1777C /* apic3734.png in Resources */ = {isa = PBXBuildFile; fileRef = CCDEBDA41FFF516B00F1777C /* apic3734.png */; };
		CCDEBDA71FFF519700F1777C /* personal-center@3x.png in Resources */ = {isa = PBXBuildFile; fileRef = CCDEBDA61FFF519700F1777C /* personal-center@3x.png */; };
		CCDEBDAD1FFF541400F1777C /* AppDelegate+Download.m in Sources */ = {isa = PBXBuildFile; fileRef = CCDEBDAA1FFF541400F1777C /* AppDelegate+Download.m */; };
		CCDEBDAE1FFF541400F1777C /* QSPDownloadTool.m in Sources */ = {isa = PBXBuildFile; fileRef = CCDEBDAC1FFF541400F1777C /* QSPDownloadTool.m */; };
		CCDEBDB11FFF543F00F1777C /* TTDownloadViewController.m in Sources */ = {isa = PBXBuildFile; fileRef = CCDEBDB01FFF543F00F1777C /* TTDownloadViewController.m */; };
		CCDEBDCD1FFF668200F1777C /* XHSegmentControl.m in Sources */ = {isa = PBXBuildFile; fileRef = CCDEBDC81FFF668200F1777C /* XHSegmentControl.m */; };
		CCDEBDCE1FFF668200F1777C /* XHSegmentItem.m in Sources */ = {isa = PBXBuildFile; fileRef = CCDEBDCA1FFF668200F1777C /* XHSegmentItem.m */; };
		CCDEBDCF1FFF668200F1777C /* XHSegmentViewController.m in Sources */ = {isa = PBXBuildFile; fileRef = CCDEBDCC1FFF668200F1777C /* XHSegmentViewController.m */; };
		CCDEBDD21FFF6ADA00F1777C /* SegmentSampleViewController.m in Sources */ = {isa = PBXBuildFile; fileRef = CCDEBDD11FFF6ADA00F1777C /* SegmentSampleViewController.m */; };
		CCDEBDD51FFF71F000F1777C /* DownLoadCell.m in Sources */ = {isa = PBXBuildFile; fileRef = CCDEBDD41FFF71F000F1777C /* DownLoadCell.m */; };
		CCDEBDD81FFF73D800F1777C /* DownloadTableViewController.m in Sources */ = {isa = PBXBuildFile; fileRef = CCDEBDD71FFF73D800F1777C /* DownloadTableViewController.m */; };
		CCDEBDDB1FFF73EB00F1777C /* OutTableViewController.m in Sources */ = {isa = PBXBuildFile; fileRef = CCDEBDDA1FFF73EB00F1777C /* OutTableViewController.m */; };
		CCDEBDE020005FD500F1777C /* UIImage+Image.m in Sources */ = {isa = PBXBuildFile; fileRef = CCDEBDDE20005FD500F1777C /* UIImage+Image.m */; };
		CCDEBDE120005FD500F1777C /* UIView+LBExtension.m in Sources */ = {isa = PBXBuildFile; fileRef = CCDEBDDF20005FD500F1777C /* UIView+LBExtension.m */; };
		CCDEBDE42000604A00F1777C /* LBTabBar.m in Sources */ = {isa = PBXBuildFile; fileRef = CCDEBDE32000604A00F1777C /* LBTabBar.m */; };
		CCDEBDE72000654100F1777C /* BaseNavigationViewController.m in Sources */ = {isa = PBXBuildFile; fileRef = CCDEBDE62000654100F1777C /* BaseNavigationViewController.m */; };
		CCDEBDEE20009EB500F1777C /* HFStretchableTableHeaderView.m in Sources */ = {isa = PBXBuildFile; fileRef = CCDEBDED20009EB500F1777C /* HFStretchableTableHeaderView.m */; };
		F9D4890E969FA3FBFC9D67C8 /* Pods_TTCreditCard.framework in Frameworks */ = {isa = PBXBuildFile; fileRef = 649346E90A456D8A8EBDE859 /* Pods_TTCreditCard.framework */; };
/* End PBXBuildFile section */

/* Begin PBXContainerItemProxy section */
		CC09633D1FFDC07000D3FAD1 /* PBXContainerItemProxy */ = {
			isa = PBXContainerItemProxy;
			containerPortal = CC09631C1FFDC06F00D3FAD1 /* Project object */;
			proxyType = 1;
			remoteGlobalIDString = CC0963231FFDC07000D3FAD1;
			remoteInfo = TTCreditCard;
		};
		CC0963481FFDC07000D3FAD1 /* PBXContainerItemProxy */ = {
			isa = PBXContainerItemProxy;
			containerPortal = CC09631C1FFDC06F00D3FAD1 /* Project object */;
			proxyType = 1;
			remoteGlobalIDString = CC0963231FFDC07000D3FAD1;
			remoteInfo = TTCreditCard;
		};
/* End PBXContainerItemProxy section */

/* Begin PBXFileReference section */
		649346E90A456D8A8EBDE859 /* Pods_TTCreditCard.framework */ = {isa = PBXFileReference; explicitFileType = wrapper.framework; includeInIndex = 0; path = Pods_TTCreditCard.framework; sourceTree = BUILT_PRODUCTS_DIR; };
		84E1658F674E94FC208F6189 /* Pods-TTCreditCard.release.xcconfig */ = {isa = PBXFileReference; includeInIndex = 1; lastKnownFileType = text.xcconfig; name = "Pods-TTCreditCard.release.xcconfig"; path = "Pods/Target Support Files/Pods-TTCreditCard/Pods-TTCreditCard.release.xcconfig"; sourceTree = "<group>"; };
		987F3660115083398184331A /* Pods-TTCreditCard.debug.xcconfig */ = {isa = PBXFileReference; includeInIndex = 1; lastKnownFileType = text.xcconfig; name = "Pods-TTCreditCard.debug.xcconfig"; path = "Pods/Target Support Files/Pods-TTCreditCard/Pods-TTCreditCard.debug.xcconfig"; sourceTree = "<group>"; };
		CC0963241FFDC07000D3FAD1 /* TTCreditCard.app */ = {isa = PBXFileReference; explicitFileType = wrapper.application; includeInIndex = 0; path = TTCreditCard.app; sourceTree = BUILT_PRODUCTS_DIR; };
		CC0963301FFDC07000D3FAD1 /* Assets.xcassets */ = {isa = PBXFileReference; lastKnownFileType = folder.assetcatalog; path = Assets.xcassets; sourceTree = "<group>"; };
		CC0963331FFDC07000D3FAD1 /* Base */ = {isa = PBXFileReference; lastKnownFileType = file.storyboard; name = Base; path = Base.lproj/LaunchScreen.storyboard; sourceTree = "<group>"; };
		CC0963351FFDC07000D3FAD1 /* Info.plist */ = {isa = PBXFileReference; lastKnownFileType = text.plist.xml; path = Info.plist; sourceTree = "<group>"; };
		CC0963361FFDC07000D3FAD1 /* main.m */ = {isa = PBXFileReference; lastKnownFileType = sourcecode.c.objc; path = main.m; sourceTree = "<group>"; };
		CC09633C1FFDC07000D3FAD1 /* TTCreditCardTests.xctest */ = {isa = PBXFileReference; explicitFileType = wrapper.cfbundle; includeInIndex = 0; path = TTCreditCardTests.xctest; sourceTree = BUILT_PRODUCTS_DIR; };
		CC0963401FFDC07000D3FAD1 /* TTCreditCardTests.m */ = {isa = PBXFileReference; lastKnownFileType = sourcecode.c.objc; path = TTCreditCardTests.m; sourceTree = "<group>"; };
		CC0963421FFDC07000D3FAD1 /* Info.plist */ = {isa = PBXFileReference; lastKnownFileType = text.plist.xml; path = Info.plist; sourceTree = "<group>"; };
		CC0963471FFDC07000D3FAD1 /* TTCreditCardUITests.xctest */ = {isa = PBXFileReference; explicitFileType = wrapper.cfbundle; includeInIndex = 0; path = TTCreditCardUITests.xctest; sourceTree = BUILT_PRODUCTS_DIR; };
		CC09634B1FFDC07000D3FAD1 /* TTCreditCardUITests.m */ = {isa = PBXFileReference; lastKnownFileType = sourcecode.c.objc; path = TTCreditCardUITests.m; sourceTree = "<group>"; };
		CC09634D1FFDC07000D3FAD1 /* Info.plist */ = {isa = PBXFileReference; lastKnownFileType = text.plist.xml; path = Info.plist; sourceTree = "<group>"; };
		CC09635A1FFDC3EC00D3FAD1 /* AppDelegate.h */ = {isa = PBXFileReference; fileEncoding = 4; lastKnownFileType = sourcecode.c.h; path = AppDelegate.h; sourceTree = "<group>"; };
		CC09635B1FFDC3EC00D3FAD1 /* AppDelegate.m */ = {isa = PBXFileReference; fileEncoding = 4; lastKnownFileType = sourcecode.c.objc; path = AppDelegate.m; sourceTree = "<group>"; };
		CC09636F1FFDC5AA00D3FAD1 /* BaseViewController.h */ = {isa = PBXFileReference; fileEncoding = 4; lastKnownFileType = sourcecode.c.h; path = BaseViewController.h; sourceTree = "<group>"; };
		CC0963701FFDC5AA00D3FAD1 /* BaseViewController.m */ = {isa = PBXFileReference; fileEncoding = 4; lastKnownFileType = sourcecode.c.objc; path = BaseViewController.m; sourceTree = "<group>"; };
		CC0963741FFDC5FE00D3FAD1 /* UIColor+RGB.h */ = {isa = PBXFileReference; fileEncoding = 4; lastKnownFileType = sourcecode.c.h; path = "UIColor+RGB.h"; sourceTree = "<group>"; };
		CC0963751FFDC5FE00D3FAD1 /* UIColor+RGB.m */ = {isa = PBXFileReference; fileEncoding = 4; lastKnownFileType = sourcecode.c.objc; path = "UIColor+RGB.m"; sourceTree = "<group>"; };
		CC0963761FFDC5FE00D3FAD1 /* UIImage+Verb.h */ = {isa = PBXFileReference; fileEncoding = 4; lastKnownFileType = sourcecode.c.h; path = "UIImage+Verb.h"; sourceTree = "<group>"; };
		CC0963771FFDC5FE00D3FAD1 /* UIImage+Verb.m */ = {isa = PBXFileReference; fileEncoding = 4; lastKnownFileType = sourcecode.c.objc; path = "UIImage+Verb.m"; sourceTree = "<group>"; };
		CC09637A1FFDC5FE00D3FAD1 /* CodeScan.bundle */ = {isa = PBXFileReference; lastKnownFileType = "wrapper.plug-in"; path = CodeScan.bundle; sourceTree = "<group>"; };
		CC09637B1FFDC5FE00D3FAD1 /* JQScanResultViewController.h */ = {isa = PBXFileReference; fileEncoding = 4; lastKnownFileType = sourcecode.c.h; path = JQScanResultViewController.h; sourceTree = "<group>"; };
		CC09637C1FFDC5FE00D3FAD1 /* JQScanResultViewController.m */ = {isa = PBXFileReference; fileEncoding = 4; lastKnownFileType = sourcecode.c.objc; path = JQScanResultViewController.m; sourceTree = "<group>"; };
		CC09637D1FFDC5FE00D3FAD1 /* JQScanResultViewController.xib */ = {isa = PBXFileReference; fileEncoding = 4; lastKnownFileType = file.xib; path = JQScanResultViewController.xib; sourceTree = "<group>"; };
		CC09637E1FFDC5FE00D3FAD1 /* JQScanViewController.h */ = {isa = PBXFileReference; fileEncoding = 4; lastKnownFileType = sourcecode.c.h; path = JQScanViewController.h; sourceTree = "<group>"; };
		CC09637F1FFDC5FE00D3FAD1 /* JQScanViewController.m */ = {isa = PBXFileReference; fileEncoding = 4; lastKnownFileType = sourcecode.c.objc; path = JQScanViewController.m; sourceTree = "<group>"; };
		CC0963801FFDC5FE00D3FAD1 /* JQTest.png */ = {isa = PBXFileReference; lastKnownFileType = image.png; path = JQTest.png; sourceTree = "<group>"; };
		CC0963811FFDC5FE00D3FAD1 /* MyQRViewController.h */ = {isa = PBXFileReference; fileEncoding = 4; lastKnownFileType = sourcecode.c.h; path = MyQRViewController.h; sourceTree = "<group>"; };
		CC0963821FFDC5FE00D3FAD1 /* MyQRViewController.m */ = {isa = PBXFileReference; fileEncoding = 4; lastKnownFileType = sourcecode.c.objc; path = MyQRViewController.m; sourceTree = "<group>"; };
		CC0963841FFDC5FE00D3FAD1 /* JQScanLineAnimation.h */ = {isa = PBXFileReference; fileEncoding = 4; lastKnownFileType = sourcecode.c.h; path = JQScanLineAnimation.h; sourceTree = "<group>"; };
		CC0963851FFDC5FE00D3FAD1 /* JQScanLineAnimation.m */ = {isa = PBXFileReference; fileEncoding = 4; lastKnownFileType = sourcecode.c.objc; path = JQScanLineAnimation.m; sourceTree = "<group>"; };
		CC0963861FFDC5FE00D3FAD1 /* JQScanNative.h */ = {isa = PBXFileReference; fileEncoding = 4; lastKnownFileType = sourcecode.c.h; path = JQScanNative.h; sourceTree = "<group>"; };
		CC0963871FFDC5FE00D3FAD1 /* JQScanNative.m */ = {isa = PBXFileReference; fileEncoding = 4; lastKnownFileType = sourcecode.c.objc; path = JQScanNative.m; sourceTree = "<group>"; };
		CC0963881FFDC5FE00D3FAD1 /* JQScanNetAnimation.h */ = {isa = PBXFileReference; fileEncoding = 4; lastKnownFileType = sourcecode.c.h; path = JQScanNetAnimation.h; sourceTree = "<group>"; };
		CC0963891FFDC5FE00D3FAD1 /* JQScanNetAnimation.m */ = {isa = PBXFileReference; fileEncoding = 4; lastKnownFileType = sourcecode.c.objc; path = JQScanNetAnimation.m; sourceTree = "<group>"; };
		CC09638A1FFDC5FE00D3FAD1 /* JQScanResult.h */ = {isa = PBXFileReference; fileEncoding = 4; lastKnownFileType = sourcecode.c.h; path = JQScanResult.h; sourceTree = "<group>"; };
		CC09638B1FFDC5FE00D3FAD1 /* JQScanResult.m */ = {isa = PBXFileReference; fileEncoding = 4; lastKnownFileType = sourcecode.c.objc; path = JQScanResult.m; sourceTree = "<group>"; };
		CC09638C1FFDC5FE00D3FAD1 /* JQScanVideoZoomView.h */ = {isa = PBXFileReference; fileEncoding = 4; lastKnownFileType = sourcecode.c.h; path = JQScanVideoZoomView.h; sourceTree = "<group>"; };
		CC09638D1FFDC5FE00D3FAD1 /* JQScanVideoZoomView.m */ = {isa = PBXFileReference; fileEncoding = 4; lastKnownFileType = sourcecode.c.objc; path = JQScanVideoZoomView.m; sourceTree = "<group>"; };
		CC09638E1FFDC5FE00D3FAD1 /* JQScanView.h */ = {isa = PBXFileReference; fileEncoding = 4; lastKnownFileType = sourcecode.c.h; path = JQScanView.h; sourceTree = "<group>"; };
		CC09638F1FFDC5FE00D3FAD1 /* JQScanView.m */ = {isa = PBXFileReference; fileEncoding = 4; lastKnownFileType = sourcecode.c.objc; path = JQScanView.m; sourceTree = "<group>"; };
		CC0963901FFDC5FE00D3FAD1 /* JQScanViewStyle.h */ = {isa = PBXFileReference; fileEncoding = 4; lastKnownFileType = sourcecode.c.h; path = JQScanViewStyle.h; sourceTree = "<group>"; };
		CC0963911FFDC5FE00D3FAD1 /* JQScanViewStyle.m */ = {isa = PBXFileReference; fileEncoding = 4; lastKnownFileType = sourcecode.c.objc; path = JQScanViewStyle.m; sourceTree = "<group>"; };
		CC0963921FFDC5FE00D3FAD1 /* JQScanWrapper.h */ = {isa = PBXFileReference; fileEncoding = 4; lastKnownFileType = sourcecode.c.h; path = JQScanWrapper.h; sourceTree = "<group>"; };
		CC0963931FFDC5FE00D3FAD1 /* JQScanWrapper.m */ = {isa = PBXFileReference; fileEncoding = 4; lastKnownFileType = sourcecode.c.objc; path = JQScanWrapper.m; sourceTree = "<group>"; };
		CC0963941FFDC5FE00D3FAD1 /* JQZXCapture.h */ = {isa = PBXFileReference; fileEncoding = 4; lastKnownFileType = sourcecode.c.h; path = JQZXCapture.h; sourceTree = "<group>"; };
		CC0963951FFDC5FE00D3FAD1 /* JQZXCapture.m */ = {isa = PBXFileReference; fileEncoding = 4; lastKnownFileType = sourcecode.c.objc; path = JQZXCapture.m; sourceTree = "<group>"; };
		CC0963961FFDC5FE00D3FAD1 /* JQZXCaptureDelegate.h */ = {isa = PBXFileReference; fileEncoding = 4; lastKnownFileType = sourcecode.c.h; path = JQZXCaptureDelegate.h; sourceTree = "<group>"; };
		CC0963971FFDC5FE00D3FAD1 /* JQZXingWrapper.h */ = {isa = PBXFileReference; fileEncoding = 4; lastKnownFileType = sourcecode.c.h; path = JQZXingWrapper.h; sourceTree = "<group>"; };
		CC0963981FFDC5FE00D3FAD1 /* JQZXingWrapper.m */ = {isa = PBXFileReference; fileEncoding = 4; lastKnownFileType = sourcecode.c.objc; path = JQZXingWrapper.m; sourceTree = "<group>"; };
		CC0963991FFDC5FE00D3FAD1 /* JQZXScanViewController.h */ = {isa = PBXFileReference; fileEncoding = 4; lastKnownFileType = sourcecode.c.h; path = JQZXScanViewController.h; sourceTree = "<group>"; };
		CC09639A1FFDC5FE00D3FAD1 /* JQZXScanViewController.m */ = {isa = PBXFileReference; fileEncoding = 4; lastKnownFileType = sourcecode.c.objc; path = JQZXScanViewController.m; sourceTree = "<group>"; };
		CC09639C1FFDC5FE00D3FAD1 /* CXAHyperlinkLabel.h */ = {isa = PBXFileReference; fileEncoding = 4; lastKnownFileType = sourcecode.c.h; path = CXAHyperlinkLabel.h; sourceTree = "<group>"; };
		CC09639D1FFDC5FE00D3FAD1 /* CXAHyperlinkLabel.m */ = {isa = PBXFileReference; fileEncoding = 4; lastKnownFileType = sourcecode.c.objc; path = CXAHyperlinkLabel.m; sourceTree = "<group>"; };
		CC09639E1FFDC5FE00D3FAD1 /* NSAttributedString+CXACoreTextFrameSize.h */ = {isa = PBXFileReference; fileEncoding = 4; lastKnownFileType = sourcecode.c.h; path = "NSAttributedString+CXACoreTextFrameSize.h"; sourceTree = "<group>"; };
		CC09639F1FFDC5FE00D3FAD1 /* NSAttributedString+CXACoreTextFrameSize.m */ = {isa = PBXFileReference; fileEncoding = 4; lastKnownFileType = sourcecode.c.objc; path = "NSAttributedString+CXACoreTextFrameSize.m"; sourceTree = "<group>"; };
		CC0963A01FFDC5FE00D3FAD1 /* NSString+CXAHyperlinkParser.h */ = {isa = PBXFileReference; fileEncoding = 4; lastKnownFileType = sourcecode.c.h; path = "NSString+CXAHyperlinkParser.h"; sourceTree = "<group>"; };
		CC0963A11FFDC5FE00D3FAD1 /* NSString+CXAHyperlinkParser.m */ = {isa = PBXFileReference; fileEncoding = 4; lastKnownFileType = sourcecode.c.objc; path = "NSString+CXAHyperlinkParser.m"; sourceTree = "<group>"; };
		CC0963A41FFDC5FE00D3FAD1 /* CityData.plist */ = {isa = PBXFileReference; fileEncoding = 4; lastKnownFileType = text.plist.xml; path = CityData.plist; sourceTree = "<group>"; };
		CC0963A51FFDC5FE00D3FAD1 /* NicknameViewController.h */ = {isa = PBXFileReference; fileEncoding = 4; lastKnownFileType = sourcecode.c.h; path = NicknameViewController.h; sourceTree = "<group>"; };
		CC0963A61FFDC5FE00D3FAD1 /* NicknameViewController.m */ = {isa = PBXFileReference; fileEncoding = 4; lastKnownFileType = sourcecode.c.objc; path = NicknameViewController.m; sourceTree = "<group>"; };
		CC0963A71FFDC5FE00D3FAD1 /* SignatureViewController.h */ = {isa = PBXFileReference; fileEncoding = 4; lastKnownFileType = sourcecode.c.h; path = SignatureViewController.h; sourceTree = "<group>"; };
		CC0963A81FFDC5FE00D3FAD1 /* SignatureViewController.m */ = {isa = PBXFileReference; fileEncoding = 4; lastKnownFileType = sourcecode.c.objc; path = SignatureViewController.m; sourceTree = "<group>"; };
		CC0963A91FFDC5FE00D3FAD1 /* WYBirthdayPickerView.h */ = {isa = PBXFileReference; fileEncoding = 4; lastKnownFileType = sourcecode.c.h; path = WYBirthdayPickerView.h; sourceTree = "<group>"; };
		CC0963AA1FFDC5FE00D3FAD1 /* WYBirthdayPickerView.m */ = {isa = PBXFileReference; fileEncoding = 4; lastKnownFileType = sourcecode.c.objc; path = WYBirthdayPickerView.m; sourceTree = "<group>"; };
		CC0963AB1FFDC5FE00D3FAD1 /* WYCityPickerView.h */ = {isa = PBXFileReference; fileEncoding = 4; lastKnownFileType = sourcecode.c.h; path = WYCityPickerView.h; sourceTree = "<group>"; };
		CC0963AC1FFDC5FE00D3FAD1 /* WYCityPickerView.m */ = {isa = PBXFileReference; fileEncoding = 4; lastKnownFileType = sourcecode.c.objc; path = WYCityPickerView.m; sourceTree = "<group>"; };
		CC0963AD1FFDC5FE00D3FAD1 /* WYGenderPickerView.h */ = {isa = PBXFileReference; fileEncoding = 4; lastKnownFileType = sourcecode.c.h; path = WYGenderPickerView.h; sourceTree = "<group>"; };
		CC0963AE1FFDC5FE00D3FAD1 /* WYGenderPickerView.m */ = {isa = PBXFileReference; fileEncoding = 4; lastKnownFileType = sourcecode.c.objc; path = WYGenderPickerView.m; sourceTree = "<group>"; };
		CC0963AF1FFDC5FE00D3FAD1 /* WYHeightPickerView.h */ = {isa = PBXFileReference; fileEncoding = 4; lastKnownFileType = sourcecode.c.h; path = WYHeightPickerView.h; sourceTree = "<group>"; };
		CC0963B01FFDC5FE00D3FAD1 /* WYHeightPickerView.m */ = {isa = PBXFileReference; fileEncoding = 4; lastKnownFileType = sourcecode.c.objc; path = WYHeightPickerView.m; sourceTree = "<group>"; };
		CC0963B11FFDC5FE00D3FAD1 /* WYLongTextInputView.h */ = {isa = PBXFileReference; fileEncoding = 4; lastKnownFileType = sourcecode.c.h; path = WYLongTextInputView.h; sourceTree = "<group>"; };
		CC0963B21FFDC5FE00D3FAD1 /* WYLongTextInputView.m */ = {isa = PBXFileReference; fileEncoding = 4; lastKnownFileType = sourcecode.c.objc; path = WYLongTextInputView.m; sourceTree = "<group>"; };
		CC0963B31FFDC5FE00D3FAD1 /* 返回@2x.png */ = {isa = PBXFileReference; lastKnownFileType = image.png; path = "返回@2x.png"; sourceTree = "<group>"; };
		CC0963B41FFDC5FE00D3FAD1 /* 返回@3x.png */ = {isa = PBXFileReference; lastKnownFileType = image.png; path = "返回@3x.png"; sourceTree = "<group>"; };
		CC0963B61FFDC5FE00D3FAD1 /* WYTableViewCellWithBigImageView.h */ = {isa = PBXFileReference; fileEncoding = 4; lastKnownFileType = sourcecode.c.h; path = WYTableViewCellWithBigImageView.h; sourceTree = "<group>"; };
		CC0963B71FFDC5FE00D3FAD1 /* WYTableViewCellWithBigImageView.m */ = {isa = PBXFileReference; fileEncoding = 4; lastKnownFileType = sourcecode.c.objc; path = WYTableViewCellWithBigImageView.m; sourceTree = "<group>"; };
		CC0963B81FFDC5FE00D3FAD1 /* WYTableViewCellWithImageView.h */ = {isa = PBXFileReference; fileEncoding = 4; lastKnownFileType = sourcecode.c.h; path = WYTableViewCellWithImageView.h; sourceTree = "<group>"; };
		CC0963B91FFDC5FE00D3FAD1 /* WYTableViewCellWithImageView.m */ = {isa = PBXFileReference; fileEncoding = 4; lastKnownFileType = sourcecode.c.objc; path = WYTableViewCellWithImageView.m; sourceTree = "<group>"; };
		CC0963BB1FFDC5FE00D3FAD1 /* WYTableViewCellWithBigLabel.h */ = {isa = PBXFileReference; fileEncoding = 4; lastKnownFileType = sourcecode.c.h; path = WYTableViewCellWithBigLabel.h; sourceTree = "<group>"; };
		CC0963BC1FFDC5FE00D3FAD1 /* WYTableViewCellWithBigLabel.m */ = {isa = PBXFileReference; fileEncoding = 4; lastKnownFileType = sourcecode.c.objc; path = WYTableViewCellWithBigLabel.m; sourceTree = "<group>"; };
		CC0963BD1FFDC5FE00D3FAD1 /* WYTableViewCellWithLabel.h */ = {isa = PBXFileReference; fileEncoding = 4; lastKnownFileType = sourcecode.c.h; path = WYTableViewCellWithLabel.h; sourceTree = "<group>"; };
		CC0963BE1FFDC5FE00D3FAD1 /* WYTableViewCellWithLabel.m */ = {isa = PBXFileReference; fileEncoding = 4; lastKnownFileType = sourcecode.c.objc; path = WYTableViewCellWithLabel.m; sourceTree = "<group>"; };
		CC0963C01FFDC5FE00D3FAD1 /* TKDataService.h */ = {isa = PBXFileReference; fileEncoding = 4; lastKnownFileType = sourcecode.c.h; path = TKDataService.h; sourceTree = "<group>"; };
		CC0963C11FFDC5FE00D3FAD1 /* TKDataService.m */ = {isa = PBXFileReference; fileEncoding = 4; lastKnownFileType = sourcecode.c.objc; path = TKDataService.m; sourceTree = "<group>"; };
		CC0963E71FFDC69600D3FAD1 /* TTRootViewController.h */ = {isa = PBXFileReference; lastKnownFileType = sourcecode.c.h; path = TTRootViewController.h; sourceTree = "<group>"; };
		CC0963E81FFDC69600D3FAD1 /* TTRootViewController.m */ = {isa = PBXFileReference; lastKnownFileType = sourcecode.c.objc; path = TTRootViewController.m; sourceTree = "<group>"; };
		CC0963ED1FFDCA0700D3FAD1 /* PrefixHeader.pch */ = {isa = PBXFileReference; lastKnownFileType = sourcecode.c.h; path = PrefixHeader.pch; sourceTree = "<group>"; };
		CC0963EE1FFDCC2C00D3FAD1 /* HomeViewController.h */ = {isa = PBXFileReference; fileEncoding = 4; lastKnownFileType = sourcecode.c.h; path = HomeViewController.h; sourceTree = "<group>"; };
		CC0963EF1FFDCC2C00D3FAD1 /* HomeViewController.m */ = {isa = PBXFileReference; fileEncoding = 4; lastKnownFileType = sourcecode.c.objc; path = HomeViewController.m; sourceTree = "<group>"; };
		CC0963F11FFDCC8400D3FAD1 /* AccountsViewController.h */ = {isa = PBXFileReference; lastKnownFileType = sourcecode.c.h; path = AccountsViewController.h; sourceTree = "<group>"; };
		CC0963F21FFDCC8400D3FAD1 /* AccountsViewController.m */ = {isa = PBXFileReference; lastKnownFileType = sourcecode.c.objc; path = AccountsViewController.m; sourceTree = "<group>"; };
		CC0963F41FFDCCBE00D3FAD1 /* ApplyViewController.h */ = {isa = PBXFileReference; lastKnownFileType = sourcecode.c.h; path = ApplyViewController.h; sourceTree = "<group>"; };
		CC0963F51FFDCCBE00D3FAD1 /* ApplyViewController.m */ = {isa = PBXFileReference; lastKnownFileType = sourcecode.c.objc; path = ApplyViewController.m; sourceTree = "<group>"; };
		CC0963F71FFDCD2400D3FAD1 /* PersonViewController.h */ = {isa = PBXFileReference; lastKnownFileType = sourcecode.c.h; path = PersonViewController.h; sourceTree = "<group>"; };
		CC0963F81FFDCD2400D3FAD1 /* PersonViewController.m */ = {isa = PBXFileReference; lastKnownFileType = sourcecode.c.objc; path = PersonViewController.m; sourceTree = "<group>"; };
		CC0963FA1FFDCDFE00D3FAD1 /* libxml2.2.tbd */ = {isa = PBXFileReference; lastKnownFileType = "sourcecode.text-based-dylib-definition"; name = libxml2.2.tbd; path = usr/lib/libxml2.2.tbd; sourceTree = SDKROOT; };
		CC0963FC1FFDCE5000D3FAD1 /* HealthKit.framework */ = {isa = PBXFileReference; lastKnownFileType = wrapper.framework; name = HealthKit.framework; path = System/Library/Frameworks/HealthKit.framework; sourceTree = SDKROOT; };
		CC0963FE1FFDD43000D3FAD1 /* TTColor.h */ = {isa = PBXFileReference; lastKnownFileType = sourcecode.c.h; path = TTColor.h; sourceTree = "<group>"; };
		CCDEBDA01FFF4DFE00F1777C /* DetailedView.m */ = {isa = PBXFileReference; fileEncoding = 4; lastKnownFileType = sourcecode.c.objc; path = DetailedView.m; sourceTree = "<group>"; };
		CCDEBDA11FFF4DFE00F1777C /* DetailedView.h */ = {isa = PBXFileReference; fileEncoding = 4; lastKnownFileType = sourcecode.c.h; path = DetailedView.h; sourceTree = "<group>"; };
		CCDEBDA41FFF516B00F1777C /* apic3734.png */ = {isa = PBXFileReference; lastKnownFileType = image.png; path = apic3734.png; sourceTree = "<group>"; };
		CCDEBDA61FFF519700F1777C /* personal-center@3x.png */ = {isa = PBXFileReference; lastKnownFileType = image.png; path = "personal-center@3x.png"; sourceTree = "<group>"; };
		CCDEBDA91FFF541400F1777C /* AppDelegate+Download.h */ = {isa = PBXFileReference; fileEncoding = 4; lastKnownFileType = sourcecode.c.h; path = "AppDelegate+Download.h"; sourceTree = "<group>"; };
		CCDEBDAA1FFF541400F1777C /* AppDelegate+Download.m */ = {isa = PBXFileReference; fileEncoding = 4; lastKnownFileType = sourcecode.c.objc; path = "AppDelegate+Download.m"; sourceTree = "<group>"; };
		CCDEBDAB1FFF541400F1777C /* QSPDownloadTool.h */ = {isa = PBXFileReference; fileEncoding = 4; lastKnownFileType = sourcecode.c.h; path = QSPDownloadTool.h; sourceTree = "<group>"; };
		CCDEBDAC1FFF541400F1777C /* QSPDownloadTool.m */ = {isa = PBXFileReference; fileEncoding = 4; lastKnownFileType = sourcecode.c.objc; path = QSPDownloadTool.m; sourceTree = "<group>"; };
		CCDEBDAF1FFF543F00F1777C /* TTDownloadViewController.h */ = {isa = PBXFileReference; lastKnownFileType = sourcecode.c.h; path = TTDownloadViewController.h; sourceTree = "<group>"; };
		CCDEBDB01FFF543F00F1777C /* TTDownloadViewController.m */ = {isa = PBXFileReference; lastKnownFileType = sourcecode.c.objc; path = TTDownloadViewController.m; sourceTree = "<group>"; };
		CCDEBDC71FFF668200F1777C /* XHSegmentControl.h */ = {isa = PBXFileReference; fileEncoding = 4; lastKnownFileType = sourcecode.c.h; path = XHSegmentControl.h; sourceTree = "<group>"; };
		CCDEBDC81FFF668200F1777C /* XHSegmentControl.m */ = {isa = PBXFileReference; fileEncoding = 4; lastKnownFileType = sourcecode.c.objc; path = XHSegmentControl.m; sourceTree = "<group>"; };
		CCDEBDC91FFF668200F1777C /* XHSegmentItem.h */ = {isa = PBXFileReference; fileEncoding = 4; lastKnownFileType = sourcecode.c.h; path = XHSegmentItem.h; sourceTree = "<group>"; };
		CCDEBDCA1FFF668200F1777C /* XHSegmentItem.m */ = {isa = PBXFileReference; fileEncoding = 4; lastKnownFileType = sourcecode.c.objc; path = XHSegmentItem.m; sourceTree = "<group>"; };
		CCDEBDCB1FFF668200F1777C /* XHSegmentViewController.h */ = {isa = PBXFileReference; fileEncoding = 4; lastKnownFileType = sourcecode.c.h; path = XHSegmentViewController.h; sourceTree = "<group>"; };
		CCDEBDCC1FFF668200F1777C /* XHSegmentViewController.m */ = {isa = PBXFileReference; fileEncoding = 4; lastKnownFileType = sourcecode.c.objc; path = XHSegmentViewController.m; sourceTree = "<group>"; };
		CCDEBDD01FFF6AD900F1777C /* SegmentSampleViewController.h */ = {isa = PBXFileReference; fileEncoding = 4; lastKnownFileType = sourcecode.c.h; path = SegmentSampleViewController.h; sourceTree = "<group>"; };
		CCDEBDD11FFF6ADA00F1777C /* SegmentSampleViewController.m */ = {isa = PBXFileReference; fileEncoding = 4; lastKnownFileType = sourcecode.c.objc; path = SegmentSampleViewController.m; sourceTree = "<group>"; };
		CCDEBDD31FFF71F000F1777C /* DownLoadCell.h */ = {isa = PBXFileReference; fileEncoding = 4; lastKnownFileType = sourcecode.c.h; path = DownLoadCell.h; sourceTree = "<group>"; };
		CCDEBDD41FFF71F000F1777C /* DownLoadCell.m */ = {isa = PBXFileReference; fileEncoding = 4; lastKnownFileType = sourcecode.c.objc; path = DownLoadCell.m; sourceTree = "<group>"; };
		CCDEBDD61FFF73D800F1777C /* DownloadTableViewController.h */ = {isa = PBXFileReference; lastKnownFileType = sourcecode.c.h; path = DownloadTableViewController.h; sourceTree = "<group>"; };
		CCDEBDD71FFF73D800F1777C /* DownloadTableViewController.m */ = {isa = PBXFileReference; lastKnownFileType = sourcecode.c.objc; path = DownloadTableViewController.m; sourceTree = "<group>"; };
		CCDEBDD91FFF73EB00F1777C /* OutTableViewController.h */ = {isa = PBXFileReference; lastKnownFileType = sourcecode.c.h; path = OutTableViewController.h; sourceTree = "<group>"; };
		CCDEBDDA1FFF73EB00F1777C /* OutTableViewController.m */ = {isa = PBXFileReference; lastKnownFileType = sourcecode.c.objc; path = OutTableViewController.m; sourceTree = "<group>"; };
		CCDEBDDC20005FD400F1777C /* UIView+LBExtension.h */ = {isa = PBXFileReference; fileEncoding = 4; lastKnownFileType = sourcecode.c.h; path = "UIView+LBExtension.h"; sourceTree = "<group>"; };
		CCDEBDDD20005FD500F1777C /* UIImage+Image.h */ = {isa = PBXFileReference; fileEncoding = 4; lastKnownFileType = sourcecode.c.h; path = "UIImage+Image.h"; sourceTree = "<group>"; };
		CCDEBDDE20005FD500F1777C /* UIImage+Image.m */ = {isa = PBXFileReference; fileEncoding = 4; lastKnownFileType = sourcecode.c.objc; path = "UIImage+Image.m"; sourceTree = "<group>"; };
		CCDEBDDF20005FD500F1777C /* UIView+LBExtension.m */ = {isa = PBXFileReference; fileEncoding = 4; lastKnownFileType = sourcecode.c.objc; path = "UIView+LBExtension.m"; sourceTree = "<group>"; };
		CCDEBDE22000604A00F1777C /* LBTabBar.h */ = {isa = PBXFileReference; fileEncoding = 4; lastKnownFileType = sourcecode.c.h; path = LBTabBar.h; sourceTree = "<group>"; };
		CCDEBDE32000604A00F1777C /* LBTabBar.m */ = {isa = PBXFileReference; fileEncoding = 4; lastKnownFileType = sourcecode.c.objc; path = LBTabBar.m; sourceTree = "<group>"; };
		CCDEBDE52000654100F1777C /* BaseNavigationViewController.h */ = {isa = PBXFileReference; lastKnownFileType = sourcecode.c.h; path = BaseNavigationViewController.h; sourceTree = "<group>"; };
		CCDEBDE62000654100F1777C /* BaseNavigationViewController.m */ = {isa = PBXFileReference; lastKnownFileType = sourcecode.c.objc; path = BaseNavigationViewController.m; sourceTree = "<group>"; };
		CCDEBDE82000837100F1777C /* TTPublic.h */ = {isa = PBXFileReference; lastKnownFileType = sourcecode.c.h; path = TTPublic.h; sourceTree = "<group>"; };
		CCDEBDEA2000859D00F1777C /* TTCode.h */ = {isa = PBXFileReference; lastKnownFileType = sourcecode.c.h; path = TTCode.h; sourceTree = "<group>"; };
		CCDEBDEC20009EB500F1777C /* HFStretchableTableHeaderView.h */ = {isa = PBXFileReference; fileEncoding = 4; lastKnownFileType = sourcecode.c.h; path = HFStretchableTableHeaderView.h; sourceTree = "<group>"; };
		CCDEBDED20009EB500F1777C /* HFStretchableTableHeaderView.m */ = {isa = PBXFileReference; fileEncoding = 4; lastKnownFileType = sourcecode.c.objc; path = HFStretchableTableHeaderView.m; sourceTree = "<group>"; };
/* End PBXFileReference section */

/* Begin PBXFrameworksBuildPhase section */
		CC0963211FFDC07000D3FAD1 /* Frameworks */ = {
			isa = PBXFrameworksBuildPhase;
			buildActionMask = 2147483647;
			files = (
				CC0963FD1FFDCE5100D3FAD1 /* HealthKit.framework in Frameworks */,
				CC0963FB1FFDCDFF00D3FAD1 /* libxml2.2.tbd in Frameworks */,
				F9D4890E969FA3FBFC9D67C8 /* Pods_TTCreditCard.framework in Frameworks */,
			);
			runOnlyForDeploymentPostprocessing = 0;
		};
		CC0963391FFDC07000D3FAD1 /* Frameworks */ = {
			isa = PBXFrameworksBuildPhase;
			buildActionMask = 2147483647;
			files = (
			);
			runOnlyForDeploymentPostprocessing = 0;
		};
		CC0963441FFDC07000D3FAD1 /* Frameworks */ = {
			isa = PBXFrameworksBuildPhase;
			buildActionMask = 2147483647;
			files = (
			);
			runOnlyForDeploymentPostprocessing = 0;
		};
/* End PBXFrameworksBuildPhase section */

/* Begin PBXGroup section */
		6E6CC0BA5115AAF7FBD610F1 /* Frameworks */ = {
			isa = PBXGroup;
			children = (
				CC0963FC1FFDCE5000D3FAD1 /* HealthKit.framework */,
				CC0963FA1FFDCDFE00D3FAD1 /* libxml2.2.tbd */,
				649346E90A456D8A8EBDE859 /* Pods_TTCreditCard.framework */,
			);
			name = Frameworks;
			sourceTree = "<group>";
		};
		CC09631B1FFDC06F00D3FAD1 = {
			isa = PBXGroup;
			children = (
				CC0963261FFDC07000D3FAD1 /* TTCreditCard */,
				CC09633F1FFDC07000D3FAD1 /* TTCreditCardTests */,
				CC09634A1FFDC07000D3FAD1 /* TTCreditCardUITests */,
				CC0963251FFDC07000D3FAD1 /* Products */,
				EE19FC151209EC99C6B34E54 /* Pods */,
				6E6CC0BA5115AAF7FBD610F1 /* Frameworks */,
			);
			sourceTree = "<group>";
		};
		CC0963251FFDC07000D3FAD1 /* Products */ = {
			isa = PBXGroup;
			children = (
				CC0963241FFDC07000D3FAD1 /* TTCreditCard.app */,
				CC09633C1FFDC07000D3FAD1 /* TTCreditCardTests.xctest */,
				CC0963471FFDC07000D3FAD1 /* TTCreditCardUITests.xctest */,
			);
			name = Products;
			sourceTree = "<group>";
		};
		CC0963261FFDC07000D3FAD1 /* TTCreditCard */ = {
			isa = PBXGroup;
			children = (
				CC0964001FFDE6F700D3FAD1 /* Images */,
				CC0963721FFDC5FE00D3FAD1 /* Doom */,
				CC09636E1FFDC5AA00D3FAD1 /* Base */,
				CC09635D1FFDC4FB00D3FAD1 /* Main */,
				CC0963591FFDC3EC00D3FAD1 /* APPStart */,
				CC0963301FFDC07000D3FAD1 /* Assets.xcassets */,
				CC0963321FFDC07000D3FAD1 /* LaunchScreen.storyboard */,
				CC0963351FFDC07000D3FAD1 /* Info.plist */,
				CC0963361FFDC07000D3FAD1 /* main.m */,
			);
			path = TTCreditCard;
			sourceTree = "<group>";
		};
		CC09633F1FFDC07000D3FAD1 /* TTCreditCardTests */ = {
			isa = PBXGroup;
			children = (
				CC0963401FFDC07000D3FAD1 /* TTCreditCardTests.m */,
				CC0963421FFDC07000D3FAD1 /* Info.plist */,
			);
			path = TTCreditCardTests;
			sourceTree = "<group>";
		};
		CC09634A1FFDC07000D3FAD1 /* TTCreditCardUITests */ = {
			isa = PBXGroup;
			children = (
				CC09634B1FFDC07000D3FAD1 /* TTCreditCardUITests.m */,
				CC09634D1FFDC07000D3FAD1 /* Info.plist */,
			);
			path = TTCreditCardUITests;
			sourceTree = "<group>";
		};
		CC0963591FFDC3EC00D3FAD1 /* APPStart */ = {
			isa = PBXGroup;
			children = (
				CC09635A1FFDC3EC00D3FAD1 /* AppDelegate.h */,
				CC09635B1FFDC3EC00D3FAD1 /* AppDelegate.m */,
				CC0963E71FFDC69600D3FAD1 /* TTRootViewController.h */,
				CC0963E81FFDC69600D3FAD1 /* TTRootViewController.m */,
				CCDEBDE22000604A00F1777C /* LBTabBar.h */,
				CCDEBDE32000604A00F1777C /* LBTabBar.m */,
				CC0963ED1FFDCA0700D3FAD1 /* PrefixHeader.pch */,
				CC0963FE1FFDD43000D3FAD1 /* TTColor.h */,
				CCDEBDE82000837100F1777C /* TTPublic.h */,
				CCDEBDEA2000859D00F1777C /* TTCode.h */,
			);
			path = APPStart;
			sourceTree = "<group>";
		};
		CC09635D1FFDC4FB00D3FAD1 /* Main */ = {
			isa = PBXGroup;
			children = (
				CCDEBD9C1FFF4C4400F1777C /* TTDownload */,
				CC09635E1FFDC4FB00D3FAD1 /* Accounts */,
				CC0963621FFDC4FB00D3FAD1 /* Apply */,
				CC0963661FFDC4FB00D3FAD1 /* Home */,
				CC09636A1FFDC4FB00D3FAD1 /* Person */,
			);
			path = Main;
			sourceTree = "<group>";
		};
		CC09635E1FFDC4FB00D3FAD1 /* Accounts */ = {
			isa = PBXGroup;
			children = (
				CC09635F1FFDC4FB00D3FAD1 /* Controller */,
				CC0963601FFDC4FB00D3FAD1 /* Model */,
				CC0963611FFDC4FB00D3FAD1 /* View */,
			);
			path = Accounts;
			sourceTree = "<group>";
		};
		CC09635F1FFDC4FB00D3FAD1 /* Controller */ = {
			isa = PBXGroup;
			children = (
				CC0963F11FFDCC8400D3FAD1 /* AccountsViewController.h */,
				CC0963F21FFDCC8400D3FAD1 /* AccountsViewController.m */,
			);
			path = Controller;
			sourceTree = "<group>";
		};
		CC0963601FFDC4FB00D3FAD1 /* Model */ = {
			isa = PBXGroup;
			children = (
			);
			path = Model;
			sourceTree = "<group>";
		};
		CC0963611FFDC4FB00D3FAD1 /* View */ = {
			isa = PBXGroup;
			children = (
			);
			path = View;
			sourceTree = "<group>";
		};
		CC0963621FFDC4FB00D3FAD1 /* Apply */ = {
			isa = PBXGroup;
			children = (
				CC0963631FFDC4FB00D3FAD1 /* Controller */,
				CC0963641FFDC4FB00D3FAD1 /* Model */,
				CC0963651FFDC4FB00D3FAD1 /* View */,
			);
			path = Apply;
			sourceTree = "<group>";
		};
		CC0963631FFDC4FB00D3FAD1 /* Controller */ = {
			isa = PBXGroup;
			children = (
				CC0963F41FFDCCBE00D3FAD1 /* ApplyViewController.h */,
				CC0963F51FFDCCBE00D3FAD1 /* ApplyViewController.m */,
			);
			path = Controller;
			sourceTree = "<group>";
		};
		CC0963641FFDC4FB00D3FAD1 /* Model */ = {
			isa = PBXGroup;
			children = (
			);
			path = Model;
			sourceTree = "<group>";
		};
		CC0963651FFDC4FB00D3FAD1 /* View */ = {
			isa = PBXGroup;
			children = (
			);
			path = View;
			sourceTree = "<group>";
		};
		CC0963661FFDC4FB00D3FAD1 /* Home */ = {
			isa = PBXGroup;
			children = (
				CC0963671FFDC4FB00D3FAD1 /* Controller */,
				CC0963681FFDC4FB00D3FAD1 /* Model */,
				CC0963691FFDC4FB00D3FAD1 /* View */,
			);
			path = Home;
			sourceTree = "<group>";
		};
		CC0963671FFDC4FB00D3FAD1 /* Controller */ = {
			isa = PBXGroup;
			children = (
				CC0963EE1FFDCC2C00D3FAD1 /* HomeViewController.h */,
				CC0963EF1FFDCC2C00D3FAD1 /* HomeViewController.m */,
			);
			path = Controller;
			sourceTree = "<group>";
		};
		CC0963681FFDC4FB00D3FAD1 /* Model */ = {
			isa = PBXGroup;
			children = (
			);
			path = Model;
			sourceTree = "<group>";
		};
		CC0963691FFDC4FB00D3FAD1 /* View */ = {
			isa = PBXGroup;
			children = (
			);
			path = View;
			sourceTree = "<group>";
		};
		CC09636A1FFDC4FB00D3FAD1 /* Person */ = {
			isa = PBXGroup;
			children = (
				CC09636B1FFDC4FB00D3FAD1 /* Controller */,
				CC09636C1FFDC4FB00D3FAD1 /* Model */,
				CC09636D1FFDC4FB00D3FAD1 /* View */,
			);
			path = Person;
			sourceTree = "<group>";
		};
		CC09636B1FFDC4FB00D3FAD1 /* Controller */ = {
			isa = PBXGroup;
			children = (
				CC0963F71FFDCD2400D3FAD1 /* PersonViewController.h */,
				CC0963F81FFDCD2400D3FAD1 /* PersonViewController.m */,
			);
			path = Controller;
			sourceTree = "<group>";
		};
		CC09636C1FFDC4FB00D3FAD1 /* Model */ = {
			isa = PBXGroup;
			children = (
			);
			path = Model;
			sourceTree = "<group>";
		};
		CC09636D1FFDC4FB00D3FAD1 /* View */ = {
			isa = PBXGroup;
			children = (
				CCDEBDA11FFF4DFE00F1777C /* DetailedView.h */,
				CCDEBDA01FFF4DFE00F1777C /* DetailedView.m */,
			);
			path = View;
			sourceTree = "<group>";
		};
		CC09636E1FFDC5AA00D3FAD1 /* Base */ = {
			isa = PBXGroup;
			children = (
				CC09636F1FFDC5AA00D3FAD1 /* BaseViewController.h */,
				CC0963701FFDC5AA00D3FAD1 /* BaseViewController.m */,
				CCDEBDE52000654100F1777C /* BaseNavigationViewController.h */,
				CCDEBDE62000654100F1777C /* BaseNavigationViewController.m */,
			);
			path = Base;
			sourceTree = "<group>";
		};
		CC0963721FFDC5FE00D3FAD1 /* Doom */ = {
			isa = PBXGroup;
			children = (
				CC0963731FFDC5FE00D3FAD1 /* Category */,
				CC0963781FFDC5FE00D3FAD1 /* Ext */,
				CC0963BF1FFDC5FE00D3FAD1 /* public */,
			);
			path = Doom;
			sourceTree = "<group>";
		};
		CC0963731FFDC5FE00D3FAD1 /* Category */ = {
			isa = PBXGroup;
			children = (
				CCDEBDDD20005FD500F1777C /* UIImage+Image.h */,
				CCDEBDDE20005FD500F1777C /* UIImage+Image.m */,
				CCDEBDDC20005FD400F1777C /* UIView+LBExtension.h */,
				CCDEBDDF20005FD500F1777C /* UIView+LBExtension.m */,
				CC0963741FFDC5FE00D3FAD1 /* UIColor+RGB.h */,
				CC0963751FFDC5FE00D3FAD1 /* UIColor+RGB.m */,
				CC0963761FFDC5FE00D3FAD1 /* UIImage+Verb.h */,
				CC0963771FFDC5FE00D3FAD1 /* UIImage+Verb.m */,
			);
			path = Category;
			sourceTree = "<group>";
		};
		CC0963781FFDC5FE00D3FAD1 /* Ext */ = {
			isa = PBXGroup;
			children = (
				CCDEBDEB20009EB500F1777C /* stretchTableHeader */,
				CCDEBDC61FFF668200F1777C /* XHSegmentController */,
				CCDEBDA81FFF541400F1777C /* QSPDownload */,
				CC0963791FFDC5FE00D3FAD1 /* JQScan */,
				CC09639B1FFDC5FE00D3FAD1 /* LinkLabel */,
				CC0963A21FFDC5FE00D3FAD1 /* WYPick */,
			);
			path = Ext;
			sourceTree = "<group>";
		};
		CC0963791FFDC5FE00D3FAD1 /* JQScan */ = {
			isa = PBXGroup;
			children = (
				CC09637A1FFDC5FE00D3FAD1 /* CodeScan.bundle */,
				CC09637B1FFDC5FE00D3FAD1 /* JQScanResultViewController.h */,
				CC09637C1FFDC5FE00D3FAD1 /* JQScanResultViewController.m */,
				CC09637D1FFDC5FE00D3FAD1 /* JQScanResultViewController.xib */,
				CC09637E1FFDC5FE00D3FAD1 /* JQScanViewController.h */,
				CC09637F1FFDC5FE00D3FAD1 /* JQScanViewController.m */,
				CC0963801FFDC5FE00D3FAD1 /* JQTest.png */,
				CC0963811FFDC5FE00D3FAD1 /* MyQRViewController.h */,
				CC0963821FFDC5FE00D3FAD1 /* MyQRViewController.m */,
				CC0963831FFDC5FE00D3FAD1 /* Third */,
			);
			path = JQScan;
			sourceTree = "<group>";
		};
		CC0963831FFDC5FE00D3FAD1 /* Third */ = {
			isa = PBXGroup;
			children = (
				CC0963841FFDC5FE00D3FAD1 /* JQScanLineAnimation.h */,
				CC0963851FFDC5FE00D3FAD1 /* JQScanLineAnimation.m */,
				CC0963861FFDC5FE00D3FAD1 /* JQScanNative.h */,
				CC0963871FFDC5FE00D3FAD1 /* JQScanNative.m */,
				CC0963881FFDC5FE00D3FAD1 /* JQScanNetAnimation.h */,
				CC0963891FFDC5FE00D3FAD1 /* JQScanNetAnimation.m */,
				CC09638A1FFDC5FE00D3FAD1 /* JQScanResult.h */,
				CC09638B1FFDC5FE00D3FAD1 /* JQScanResult.m */,
				CC09638C1FFDC5FE00D3FAD1 /* JQScanVideoZoomView.h */,
				CC09638D1FFDC5FE00D3FAD1 /* JQScanVideoZoomView.m */,
				CC09638E1FFDC5FE00D3FAD1 /* JQScanView.h */,
				CC09638F1FFDC5FE00D3FAD1 /* JQScanView.m */,
				CC0963901FFDC5FE00D3FAD1 /* JQScanViewStyle.h */,
				CC0963911FFDC5FE00D3FAD1 /* JQScanViewStyle.m */,
				CC0963921FFDC5FE00D3FAD1 /* JQScanWrapper.h */,
				CC0963931FFDC5FE00D3FAD1 /* JQScanWrapper.m */,
				CC0963941FFDC5FE00D3FAD1 /* JQZXCapture.h */,
				CC0963951FFDC5FE00D3FAD1 /* JQZXCapture.m */,
				CC0963961FFDC5FE00D3FAD1 /* JQZXCaptureDelegate.h */,
				CC0963971FFDC5FE00D3FAD1 /* JQZXingWrapper.h */,
				CC0963981FFDC5FE00D3FAD1 /* JQZXingWrapper.m */,
				CC0963991FFDC5FE00D3FAD1 /* JQZXScanViewController.h */,
				CC09639A1FFDC5FE00D3FAD1 /* JQZXScanViewController.m */,
			);
			path = Third;
			sourceTree = "<group>";
		};
		CC09639B1FFDC5FE00D3FAD1 /* LinkLabel */ = {
			isa = PBXGroup;
			children = (
				CC09639C1FFDC5FE00D3FAD1 /* CXAHyperlinkLabel.h */,
				CC09639D1FFDC5FE00D3FAD1 /* CXAHyperlinkLabel.m */,
				CC09639E1FFDC5FE00D3FAD1 /* NSAttributedString+CXACoreTextFrameSize.h */,
				CC09639F1FFDC5FE00D3FAD1 /* NSAttributedString+CXACoreTextFrameSize.m */,
				CC0963A01FFDC5FE00D3FAD1 /* NSString+CXAHyperlinkParser.h */,
				CC0963A11FFDC5FE00D3FAD1 /* NSString+CXAHyperlinkParser.m */,
			);
			path = LinkLabel;
			sourceTree = "<group>";
		};
		CC0963A21FFDC5FE00D3FAD1 /* WYPick */ = {
			isa = PBXGroup;
			children = (
				CC0963A31FFDC5FE00D3FAD1 /* WYPickerViews */,
				CC0963B51FFDC5FE00D3FAD1 /* WYTableViewCellWithImageView */,
				CC0963BA1FFDC5FE00D3FAD1 /* WYTableViewCellWithLabel */,
			);
			path = WYPick;
			sourceTree = "<group>";
		};
		CC0963A31FFDC5FE00D3FAD1 /* WYPickerViews */ = {
			isa = PBXGroup;
			children = (
				CC0963A41FFDC5FE00D3FAD1 /* CityData.plist */,
				CC0963A51FFDC5FE00D3FAD1 /* NicknameViewController.h */,
				CC0963A61FFDC5FE00D3FAD1 /* NicknameViewController.m */,
				CC0963A71FFDC5FE00D3FAD1 /* SignatureViewController.h */,
				CC0963A81FFDC5FE00D3FAD1 /* SignatureViewController.m */,
				CC0963A91FFDC5FE00D3FAD1 /* WYBirthdayPickerView.h */,
				CC0963AA1FFDC5FE00D3FAD1 /* WYBirthdayPickerView.m */,
				CC0963AB1FFDC5FE00D3FAD1 /* WYCityPickerView.h */,
				CC0963AC1FFDC5FE00D3FAD1 /* WYCityPickerView.m */,
				CC0963AD1FFDC5FE00D3FAD1 /* WYGenderPickerView.h */,
				CC0963AE1FFDC5FE00D3FAD1 /* WYGenderPickerView.m */,
				CC0963AF1FFDC5FE00D3FAD1 /* WYHeightPickerView.h */,
				CC0963B01FFDC5FE00D3FAD1 /* WYHeightPickerView.m */,
				CC0963B11FFDC5FE00D3FAD1 /* WYLongTextInputView.h */,
				CC0963B21FFDC5FE00D3FAD1 /* WYLongTextInputView.m */,
				CC0963B31FFDC5FE00D3FAD1 /* 返回@2x.png */,
				CC0963B41FFDC5FE00D3FAD1 /* 返回@3x.png */,
			);
			path = WYPickerViews;
			sourceTree = "<group>";
		};
		CC0963B51FFDC5FE00D3FAD1 /* WYTableViewCellWithImageView */ = {
			isa = PBXGroup;
			children = (
				CC0963B61FFDC5FE00D3FAD1 /* WYTableViewCellWithBigImageView.h */,
				CC0963B71FFDC5FE00D3FAD1 /* WYTableViewCellWithBigImageView.m */,
				CC0963B81FFDC5FE00D3FAD1 /* WYTableViewCellWithImageView.h */,
				CC0963B91FFDC5FE00D3FAD1 /* WYTableViewCellWithImageView.m */,
			);
			path = WYTableViewCellWithImageView;
			sourceTree = "<group>";
		};
		CC0963BA1FFDC5FE00D3FAD1 /* WYTableViewCellWithLabel */ = {
			isa = PBXGroup;
			children = (
				CC0963BB1FFDC5FE00D3FAD1 /* WYTableViewCellWithBigLabel.h */,
				CC0963BC1FFDC5FE00D3FAD1 /* WYTableViewCellWithBigLabel.m */,
				CC0963BD1FFDC5FE00D3FAD1 /* WYTableViewCellWithLabel.h */,
				CC0963BE1FFDC5FE00D3FAD1 /* WYTableViewCellWithLabel.m */,
			);
			path = WYTableViewCellWithLabel;
			sourceTree = "<group>";
		};
		CC0963BF1FFDC5FE00D3FAD1 /* public */ = {
			isa = PBXGroup;
			children = (
				CC0963C01FFDC5FE00D3FAD1 /* TKDataService.h */,
				CC0963C11FFDC5FE00D3FAD1 /* TKDataService.m */,
			);
			path = public;
			sourceTree = "<group>";
		};
		CC0964001FFDE6F700D3FAD1 /* Images */ = {
			isa = PBXGroup;
			children = (
				CCDEBDA31FFF516B00F1777C /* Default */,
			);
			path = Images;
			sourceTree = "<group>";
		};
		CCDEBD9C1FFF4C4400F1777C /* TTDownload */ = {
			isa = PBXGroup;
			children = (
				CCDEBD9D1FFF4C4400F1777C /* Controller */,
				CCDEBD9E1FFF4C4400F1777C /* Model */,
				CCDEBD9F1FFF4C4400F1777C /* View */,
			);
			path = TTDownload;
			sourceTree = "<group>";
		};
		CCDEBD9D1FFF4C4400F1777C /* Controller */ = {
			isa = PBXGroup;
			children = (
				CCDEBDD01FFF6AD900F1777C /* SegmentSampleViewController.h */,
				CCDEBDD11FFF6ADA00F1777C /* SegmentSampleViewController.m */,
				CCDEBDD61FFF73D800F1777C /* DownloadTableViewController.h */,
				CCDEBDD71FFF73D800F1777C /* DownloadTableViewController.m */,
				CCDEBDD91FFF73EB00F1777C /* OutTableViewController.h */,
				CCDEBDDA1FFF73EB00F1777C /* OutTableViewController.m */,
				CCDEBDAF1FFF543F00F1777C /* TTDownloadViewController.h */,
				CCDEBDB01FFF543F00F1777C /* TTDownloadViewController.m */,
			);
			path = Controller;
			sourceTree = "<group>";
		};
		CCDEBD9E1FFF4C4400F1777C /* Model */ = {
			isa = PBXGroup;
			children = (
			);
			path = Model;
			sourceTree = "<group>";
		};
		CCDEBD9F1FFF4C4400F1777C /* View */ = {
			isa = PBXGroup;
			children = (
				CCDEBDD31FFF71F000F1777C /* DownLoadCell.h */,
				CCDEBDD41FFF71F000F1777C /* DownLoadCell.m */,
			);
			path = View;
			sourceTree = "<group>";
		};
		CCDEBDA31FFF516B00F1777C /* Default */ = {
			isa = PBXGroup;
			children = (
				CCDEBDA61FFF519700F1777C /* personal-center@3x.png */,
				CCDEBDA41FFF516B00F1777C /* apic3734.png */,
			);
			path = Default;
			sourceTree = "<group>";
		};
		CCDEBDA81FFF541400F1777C /* QSPDownload */ = {
			isa = PBXGroup;
			children = (
				CCDEBDA91FFF541400F1777C /* AppDelegate+Download.h */,
				CCDEBDAA1FFF541400F1777C /* AppDelegate+Download.m */,
				CCDEBDAB1FFF541400F1777C /* QSPDownloadTool.h */,
				CCDEBDAC1FFF541400F1777C /* QSPDownloadTool.m */,
			);
			path = QSPDownload;
			sourceTree = "<group>";
		};
		CCDEBDC61FFF668200F1777C /* XHSegmentController */ = {
			isa = PBXGroup;
			children = (
				CCDEBDC71FFF668200F1777C /* XHSegmentControl.h */,
				CCDEBDC81FFF668200F1777C /* XHSegmentControl.m */,
				CCDEBDC91FFF668200F1777C /* XHSegmentItem.h */,
				CCDEBDCA1FFF668200F1777C /* XHSegmentItem.m */,
				CCDEBDCB1FFF668200F1777C /* XHSegmentViewController.h */,
				CCDEBDCC1FFF668200F1777C /* XHSegmentViewController.m */,
			);
			path = XHSegmentController;
			sourceTree = "<group>";
		};
		CCDEBDEB20009EB500F1777C /* stretchTableHeader */ = {
			isa = PBXGroup;
			children = (
				CCDEBDEC20009EB500F1777C /* HFStretchableTableHeaderView.h */,
				CCDEBDED20009EB500F1777C /* HFStretchableTableHeaderView.m */,
			);
			path = stretchTableHeader;
			sourceTree = "<group>";
		};
		EE19FC151209EC99C6B34E54 /* Pods */ = {
			isa = PBXGroup;
			children = (
				987F3660115083398184331A /* Pods-TTCreditCard.debug.xcconfig */,
				84E1658F674E94FC208F6189 /* Pods-TTCreditCard.release.xcconfig */,
			);
			name = Pods;
			sourceTree = "<group>";
		};
/* End PBXGroup section */

/* Begin PBXNativeTarget section */
		CC0963231FFDC07000D3FAD1 /* TTCreditCard */ = {
			isa = PBXNativeTarget;
			buildConfigurationList = CC0963501FFDC07000D3FAD1 /* Build configuration list for PBXNativeTarget "TTCreditCard" */;
			buildPhases = (
				D7DC94DDFDC9F136682C98C7 /* [CP] Check Pods Manifest.lock */,
				CC0963201FFDC07000D3FAD1 /* Sources */,
				CC0963211FFDC07000D3FAD1 /* Frameworks */,
				CC0963221FFDC07000D3FAD1 /* Resources */,
				53FA559EEE0A37C29D5AFE92 /* [CP] Embed Pods Frameworks */,
				09570BDF4B4C491E5703D152 /* [CP] Copy Pods Resources */,
			);
			buildRules = (
			);
			dependencies = (
			);
			name = TTCreditCard;
			productName = TTCreditCard;
			productReference = CC0963241FFDC07000D3FAD1 /* TTCreditCard.app */;
			productType = "com.apple.product-type.application";
		};
		CC09633B1FFDC07000D3FAD1 /* TTCreditCardTests */ = {
			isa = PBXNativeTarget;
			buildConfigurationList = CC0963531FFDC07000D3FAD1 /* Build configuration list for PBXNativeTarget "TTCreditCardTests" */;
			buildPhases = (
				CC0963381FFDC07000D3FAD1 /* Sources */,
				CC0963391FFDC07000D3FAD1 /* Frameworks */,
				CC09633A1FFDC07000D3FAD1 /* Resources */,
			);
			buildRules = (
			);
			dependencies = (
				CC09633E1FFDC07000D3FAD1 /* PBXTargetDependency */,
			);
			name = TTCreditCardTests;
			productName = TTCreditCardTests;
			productReference = CC09633C1FFDC07000D3FAD1 /* TTCreditCardTests.xctest */;
			productType = "com.apple.product-type.bundle.unit-test";
		};
		CC0963461FFDC07000D3FAD1 /* TTCreditCardUITests */ = {
			isa = PBXNativeTarget;
			buildConfigurationList = CC0963561FFDC07000D3FAD1 /* Build configuration list for PBXNativeTarget "TTCreditCardUITests" */;
			buildPhases = (
				CC0963431FFDC07000D3FAD1 /* Sources */,
				CC0963441FFDC07000D3FAD1 /* Frameworks */,
				CC0963451FFDC07000D3FAD1 /* Resources */,
			);
			buildRules = (
			);
			dependencies = (
				CC0963491FFDC07000D3FAD1 /* PBXTargetDependency */,
			);
			name = TTCreditCardUITests;
			productName = TTCreditCardUITests;
			productReference = CC0963471FFDC07000D3FAD1 /* TTCreditCardUITests.xctest */;
			productType = "com.apple.product-type.bundle.ui-testing";
		};
/* End PBXNativeTarget section */

/* Begin PBXProject section */
		CC09631C1FFDC06F00D3FAD1 /* Project object */ = {
			isa = PBXProject;
			attributes = {
				LastUpgradeCheck = 0920;
				ORGANIZATIONNAME = "妥妥";
				TargetAttributes = {
					CC0963231FFDC07000D3FAD1 = {
						CreatedOnToolsVersion = 9.2;
						ProvisioningStyle = Automatic;
					};
					CC09633B1FFDC07000D3FAD1 = {
						CreatedOnToolsVersion = 9.2;
						ProvisioningStyle = Automatic;
						TestTargetID = CC0963231FFDC07000D3FAD1;
					};
					CC0963461FFDC07000D3FAD1 = {
						CreatedOnToolsVersion = 9.2;
						ProvisioningStyle = Automatic;
						TestTargetID = CC0963231FFDC07000D3FAD1;
					};
				};
			};
			buildConfigurationList = CC09631F1FFDC06F00D3FAD1 /* Build configuration list for PBXProject "TTCreditCard" */;
			compatibilityVersion = "Xcode 8.0";
			developmentRegion = en;
			hasScannedForEncodings = 0;
			knownRegions = (
				en,
				Base,
			);
			mainGroup = CC09631B1FFDC06F00D3FAD1;
			productRefGroup = CC0963251FFDC07000D3FAD1 /* Products */;
			projectDirPath = "";
			projectRoot = "";
			targets = (
				CC0963231FFDC07000D3FAD1 /* TTCreditCard */,
				CC09633B1FFDC07000D3FAD1 /* TTCreditCardTests */,
				CC0963461FFDC07000D3FAD1 /* TTCreditCardUITests */,
			);
		};
/* End PBXProject section */

/* Begin PBXResourcesBuildPhase section */
		CC0963221FFDC07000D3FAD1 /* Resources */ = {
			isa = PBXResourcesBuildPhase;
			buildActionMask = 2147483647;
			files = (
				CCDEBDA51FFF516B00F1777C /* apic3734.png in Resources */,
				CC0963341FFDC07000D3FAD1 /* LaunchScreen.storyboard in Resources */,
				CC0963E11FFDC5FE00D3FAD1 /* 返回@3x.png in Resources */,
				CC0963C61FFDC5FE00D3FAD1 /* JQScanResultViewController.xib in Resources */,
				CC0963C41FFDC5FE00D3FAD1 /* CodeScan.bundle in Resources */,
				CC0963311FFDC07000D3FAD1 /* Assets.xcassets in Resources */,
				CCDEBDA71FFF519700F1777C /* personal-center@3x.png in Resources */,
				CC0963C81FFDC5FE00D3FAD1 /* JQTest.png in Resources */,
				CC0963D81FFDC5FE00D3FAD1 /* CityData.plist in Resources */,
				CC0963E01FFDC5FE00D3FAD1 /* 返回@2x.png in Resources */,
			);
			runOnlyForDeploymentPostprocessing = 0;
		};
		CC09633A1FFDC07000D3FAD1 /* Resources */ = {
			isa = PBXResourcesBuildPhase;
			buildActionMask = 2147483647;
			files = (
			);
			runOnlyForDeploymentPostprocessing = 0;
		};
		CC0963451FFDC07000D3FAD1 /* Resources */ = {
			isa = PBXResourcesBuildPhase;
			buildActionMask = 2147483647;
			files = (
			);
			runOnlyForDeploymentPostprocessing = 0;
		};
/* End PBXResourcesBuildPhase section */

/* Begin PBXShellScriptBuildPhase section */
		09570BDF4B4C491E5703D152 /* [CP] Copy Pods Resources */ = {
			isa = PBXShellScriptBuildPhase;
			buildActionMask = 2147483647;
			files = (
			);
			inputPaths = (
			);
			name = "[CP] Copy Pods Resources";
			outputPaths = (
			);
			runOnlyForDeploymentPostprocessing = 0;
			shellPath = /bin/sh;
			shellScript = "\"${SRCROOT}/Pods/Target Support Files/Pods-TTCreditCard/Pods-TTCreditCard-resources.sh\"\n";
			showEnvVarsInLog = 0;
		};
		53FA559EEE0A37C29D5AFE92 /* [CP] Embed Pods Frameworks */ = {
			isa = PBXShellScriptBuildPhase;
			buildActionMask = 2147483647;
			files = (
			);
			inputPaths = (
				"${SRCROOT}/Pods/Target Support Files/Pods-TTCreditCard/Pods-TTCreditCard-frameworks.sh",
				"${BUILT_PRODUCTS_DIR}/AFNetworking/AFNetworking.framework",
				"${BUILT_PRODUCTS_DIR}/EGOCache/EGOCache.framework",
				"${BUILT_PRODUCTS_DIR}/FMDB/FMDB.framework",
				"${BUILT_PRODUCTS_DIR}/LBXScan/LBXScan.framework",
				"${BUILT_PRODUCTS_DIR}/LEEAlert/LEEAlert.framework",
				"${BUILT_PRODUCTS_DIR}/MBProgressHUD/MBProgressHUD.framework",
				"${BUILT_PRODUCTS_DIR}/Masonry/Masonry.framework",
				"${BUILT_PRODUCTS_DIR}/SDCycleScrollView/SDCycleScrollView.framework",
				"${BUILT_PRODUCTS_DIR}/SDWebImage/SDWebImage.framework",
				"${BUILT_PRODUCTS_DIR}/WebViewJavascriptBridge/WebViewJavascriptBridge.framework",
				"${BUILT_PRODUCTS_DIR}/YJProgressHUD/YJProgressHUD.framework",
				"${BUILT_PRODUCTS_DIR}/YYKit/YYKit.framework",
				"${BUILT_PRODUCTS_DIR}/ZBarSDK/ZBarSDK.framework",
			);
			name = "[CP] Embed Pods Frameworks";
			outputPaths = (
				"${TARGET_BUILD_DIR}/${FRAMEWORKS_FOLDER_PATH}/AFNetworking.framework",
				"${TARGET_BUILD_DIR}/${FRAMEWORKS_FOLDER_PATH}/EGOCache.framework",
				"${TARGET_BUILD_DIR}/${FRAMEWORKS_FOLDER_PATH}/FMDB.framework",
				"${TARGET_BUILD_DIR}/${FRAMEWORKS_FOLDER_PATH}/LBXScan.framework",
				"${TARGET_BUILD_DIR}/${FRAMEWORKS_FOLDER_PATH}/LEEAlert.framework",
				"${TARGET_BUILD_DIR}/${FRAMEWORKS_FOLDER_PATH}/MBProgressHUD.framework",
				"${TARGET_BUILD_DIR}/${FRAMEWORKS_FOLDER_PATH}/Masonry.framework",
				"${TARGET_BUILD_DIR}/${FRAMEWORKS_FOLDER_PATH}/SDCycleScrollView.framework",
				"${TARGET_BUILD_DIR}/${FRAMEWORKS_FOLDER_PATH}/SDWebImage.framework",
				"${TARGET_BUILD_DIR}/${FRAMEWORKS_FOLDER_PATH}/WebViewJavascriptBridge.framework",
				"${TARGET_BUILD_DIR}/${FRAMEWORKS_FOLDER_PATH}/YJProgressHUD.framework",
				"${TARGET_BUILD_DIR}/${FRAMEWORKS_FOLDER_PATH}/YYKit.framework",
				"${TARGET_BUILD_DIR}/${FRAMEWORKS_FOLDER_PATH}/ZBarSDK.framework",
			);
			runOnlyForDeploymentPostprocessing = 0;
			shellPath = /bin/sh;
			shellScript = "\"${SRCROOT}/Pods/Target Support Files/Pods-TTCreditCard/Pods-TTCreditCard-frameworks.sh\"\n";
			showEnvVarsInLog = 0;
		};
		D7DC94DDFDC9F136682C98C7 /* [CP] Check Pods Manifest.lock */ = {
			isa = PBXShellScriptBuildPhase;
			buildActionMask = 2147483647;
			files = (
			);
			inputPaths = (
				"${PODS_PODFILE_DIR_PATH}/Podfile.lock",
				"${PODS_ROOT}/Manifest.lock",
			);
			name = "[CP] Check Pods Manifest.lock";
			outputPaths = (
				"$(DERIVED_FILE_DIR)/Pods-TTCreditCard-checkManifestLockResult.txt",
			);
			runOnlyForDeploymentPostprocessing = 0;
			shellPath = /bin/sh;
			shellScript = "diff \"${PODS_PODFILE_DIR_PATH}/Podfile.lock\" \"${PODS_ROOT}/Manifest.lock\" > /dev/null\nif [ $? != 0 ] ; then\n    # print error to STDERR\n    echo \"error: The sandbox is not in sync with the Podfile.lock. Run 'pod install' or update your CocoaPods installation.\" >&2\n    exit 1\nfi\n# This output is used by Xcode 'outputs' to avoid re-running this script phase.\necho \"SUCCESS\" > \"${SCRIPT_OUTPUT_FILE_0}\"\n";
			showEnvVarsInLog = 0;
		};
/* End PBXShellScriptBuildPhase section */

/* Begin PBXSourcesBuildPhase section */
		CC0963201FFDC07000D3FAD1 /* Sources */ = {
			isa = PBXSourcesBuildPhase;
			buildActionMask = 2147483647;
			files = (
				CC0963D01FFDC5FE00D3FAD1 /* JQScanViewStyle.m in Sources */,
				CCDEBDD51FFF71F000F1777C /* DownLoadCell.m in Sources */,
				CC0963CB1FFDC5FE00D3FAD1 /* JQScanNative.m in Sources */,
				CC0963371FFDC07000D3FAD1 /* main.m in Sources */,
				CC0963C51FFDC5FE00D3FAD1 /* JQScanResultViewController.m in Sources */,
				CC0963DB1FFDC5FE00D3FAD1 /* WYBirthdayPickerView.m in Sources */,
				CC0963F31FFDCC8400D3FAD1 /* AccountsViewController.m in Sources */,
				CC0963E31FFDC5FE00D3FAD1 /* WYTableViewCellWithImageView.m in Sources */,
				CC0963D21FFDC5FE00D3FAD1 /* JQZXCapture.m in Sources */,
				CC0963D91FFDC5FE00D3FAD1 /* NicknameViewController.m in Sources */,
				CC0963E61FFDC5FE00D3FAD1 /* TKDataService.m in Sources */,
				CCDEBDB11FFF543F00F1777C /* TTDownloadViewController.m in Sources */,
				CC0963DD1FFDC5FE00D3FAD1 /* WYGenderPickerView.m in Sources */,
				CCDEBDCF1FFF668200F1777C /* XHSegmentViewController.m in Sources */,
				CC0963E51FFDC5FE00D3FAD1 /* WYTableViewCellWithLabel.m in Sources */,
				CC0963C71FFDC5FE00D3FAD1 /* JQScanViewController.m in Sources */,
				CC0963E91FFDC69600D3FAD1 /* TTRootViewController.m in Sources */,
				CC0963DE1FFDC5FE00D3FAD1 /* WYHeightPickerView.m in Sources */,
				CCDEBDAD1FFF541400F1777C /* AppDelegate+Download.m in Sources */,
				CC0963CD1FFDC5FE00D3FAD1 /* JQScanResult.m in Sources */,
				CC0963711FFDC5AB00D3FAD1 /* BaseViewController.m in Sources */,
				CC0963F91FFDCD2400D3FAD1 /* PersonViewController.m in Sources */,
				CC0963D51FFDC5FE00D3FAD1 /* CXAHyperlinkLabel.m in Sources */,
				CC0963CF1FFDC5FE00D3FAD1 /* JQScanView.m in Sources */,
				CC0963D31FFDC5FE00D3FAD1 /* JQZXingWrapper.m in Sources */,
				CCDEBDE72000654100F1777C /* BaseNavigationViewController.m in Sources */,
				CC0963DF1FFDC5FE00D3FAD1 /* WYLongTextInputView.m in Sources */,
				CCDEBDE120005FD500F1777C /* UIView+LBExtension.m in Sources */,
				CCDEBDDB1FFF73EB00F1777C /* OutTableViewController.m in Sources */,
				CC0963D41FFDC5FE00D3FAD1 /* JQZXScanViewController.m in Sources */,
				CC0963DA1FFDC5FE00D3FAD1 /* SignatureViewController.m in Sources */,
				CCDEBDA21FFF4DFE00F1777C /* DetailedView.m in Sources */,
				CC0963DC1FFDC5FE00D3FAD1 /* WYCityPickerView.m in Sources */,
				CCDEBDD21FFF6ADA00F1777C /* SegmentSampleViewController.m in Sources */,
				CC0963F01FFDCC2C00D3FAD1 /* HomeViewController.m in Sources */,
				CCDEBDAE1FFF541400F1777C /* QSPDownloadTool.m in Sources */,
				CCDEBDEE20009EB500F1777C /* HFStretchableTableHeaderView.m in Sources */,
				CCDEBDCD1FFF668200F1777C /* XHSegmentControl.m in Sources */,
				CC0963D71FFDC5FE00D3FAD1 /* NSString+CXAHyperlinkParser.m in Sources */,
				CCDEBDE42000604A00F1777C /* LBTabBar.m in Sources */,
				CC0963D61FFDC5FE00D3FAD1 /* NSAttributedString+CXACoreTextFrameSize.m in Sources */,
				CC0963C31FFDC5FE00D3FAD1 /* UIImage+Verb.m in Sources */,
				CC09635C1FFDC3EC00D3FAD1 /* AppDelegate.m in Sources */,
				CC0963E21FFDC5FE00D3FAD1 /* WYTableViewCellWithBigImageView.m in Sources */,
				CCDEBDD81FFF73D800F1777C /* DownloadTableViewController.m in Sources */,
				CC0963E41FFDC5FE00D3FAD1 /* WYTableViewCellWithBigLabel.m in Sources */,
				CCDEBDE020005FD500F1777C /* UIImage+Image.m in Sources */,
				CC0963CE1FFDC5FE00D3FAD1 /* JQScanVideoZoomView.m in Sources */,
				CC0963D11FFDC5FE00D3FAD1 /* JQScanWrapper.m in Sources */,
				CC0963CA1FFDC5FE00D3FAD1 /* JQScanLineAnimation.m in Sources */,
				CCDEBDCE1FFF668200F1777C /* XHSegmentItem.m in Sources */,
				CC0963C21FFDC5FE00D3FAD1 /* UIColor+RGB.m in Sources */,
				CC0963F61FFDCCBE00D3FAD1 /* ApplyViewController.m in Sources */,
				CC0963CC1FFDC5FE00D3FAD1 /* JQScanNetAnimation.m in Sources */,
				CC0963C91FFDC5FE00D3FAD1 /* MyQRViewController.m in Sources */,
			);
			runOnlyForDeploymentPostprocessing = 0;
		};
		CC0963381FFDC07000D3FAD1 /* Sources */ = {
			isa = PBXSourcesBuildPhase;
			buildActionMask = 2147483647;
			files = (
				CC0963411FFDC07000D3FAD1 /* TTCreditCardTests.m in Sources */,
			);
			runOnlyForDeploymentPostprocessing = 0;
		};
		CC0963431FFDC07000D3FAD1 /* Sources */ = {
			isa = PBXSourcesBuildPhase;
			buildActionMask = 2147483647;
			files = (
				CC09634C1FFDC07000D3FAD1 /* TTCreditCardUITests.m in Sources */,
			);
			runOnlyForDeploymentPostprocessing = 0;
		};
/* End PBXSourcesBuildPhase section */

/* Begin PBXTargetDependency section */
		CC09633E1FFDC07000D3FAD1 /* PBXTargetDependency */ = {
			isa = PBXTargetDependency;
			target = CC0963231FFDC07000D3FAD1 /* TTCreditCard */;
			targetProxy = CC09633D1FFDC07000D3FAD1 /* PBXContainerItemProxy */;
		};
		CC0963491FFDC07000D3FAD1 /* PBXTargetDependency */ = {
			isa = PBXTargetDependency;
			target = CC0963231FFDC07000D3FAD1 /* TTCreditCard */;
			targetProxy = CC0963481FFDC07000D3FAD1 /* PBXContainerItemProxy */;
		};
/* End PBXTargetDependency section */

/* Begin PBXVariantGroup section */
		CC0963321FFDC07000D3FAD1 /* LaunchScreen.storyboard */ = {
			isa = PBXVariantGroup;
			children = (
				CC0963331FFDC07000D3FAD1 /* Base */,
			);
			name = LaunchScreen.storyboard;
			sourceTree = "<group>";
		};
/* End PBXVariantGroup section */

/* Begin XCBuildConfiguration section */
		CC09634E1FFDC07000D3FAD1 /* Debug */ = {
			isa = XCBuildConfiguration;
			buildSettings = {
				ALWAYS_SEARCH_USER_PATHS = NO;
				CLANG_ANALYZER_NONNULL = YES;
				CLANG_ANALYZER_NUMBER_OBJECT_CONVERSION = YES_AGGRESSIVE;
				CLANG_CXX_LANGUAGE_STANDARD = "gnu++14";
				CLANG_CXX_LIBRARY = "libc++";
				CLANG_ENABLE_MODULES = YES;
				CLANG_ENABLE_OBJC_ARC = YES;
				CLANG_WARN_BLOCK_CAPTURE_AUTORELEASING = YES;
				CLANG_WARN_BOOL_CONVERSION = YES;
				CLANG_WARN_COMMA = YES;
				CLANG_WARN_CONSTANT_CONVERSION = YES;
				CLANG_WARN_DIRECT_OBJC_ISA_USAGE = YES_ERROR;
				CLANG_WARN_DOCUMENTATION_COMMENTS = YES;
				CLANG_WARN_EMPTY_BODY = YES;
				CLANG_WARN_ENUM_CONVERSION = YES;
				CLANG_WARN_INFINITE_RECURSION = YES;
				CLANG_WARN_INT_CONVERSION = YES;
				CLANG_WARN_NON_LITERAL_NULL_CONVERSION = YES;
				CLANG_WARN_OBJC_LITERAL_CONVERSION = YES;
				CLANG_WARN_OBJC_ROOT_CLASS = YES_ERROR;
				CLANG_WARN_RANGE_LOOP_ANALYSIS = YES;
				CLANG_WARN_STRICT_PROTOTYPES = YES;
				CLANG_WARN_SUSPICIOUS_MOVE = YES;
				CLANG_WARN_UNGUARDED_AVAILABILITY = YES_AGGRESSIVE;
				CLANG_WARN_UNREACHABLE_CODE = YES;
				CLANG_WARN__DUPLICATE_METHOD_MATCH = YES;
				CODE_SIGN_IDENTITY = "iPhone Developer";
				COPY_PHASE_STRIP = NO;
				DEBUG_INFORMATION_FORMAT = dwarf;
				ENABLE_STRICT_OBJC_MSGSEND = YES;
				ENABLE_TESTABILITY = YES;
				GCC_C_LANGUAGE_STANDARD = gnu11;
				GCC_DYNAMIC_NO_PIC = NO;
				GCC_NO_COMMON_BLOCKS = YES;
				GCC_OPTIMIZATION_LEVEL = 0;
				GCC_PREPROCESSOR_DEFINITIONS = (
					"DEBUG=1",
					"$(inherited)",
				);
				GCC_WARN_64_TO_32_BIT_CONVERSION = YES;
				GCC_WARN_ABOUT_RETURN_TYPE = YES_ERROR;
				GCC_WARN_UNDECLARED_SELECTOR = YES;
				GCC_WARN_UNINITIALIZED_AUTOS = YES_AGGRESSIVE;
				GCC_WARN_UNUSED_FUNCTION = YES;
				GCC_WARN_UNUSED_VARIABLE = YES;
				IPHONEOS_DEPLOYMENT_TARGET = 11.2;
				MTL_ENABLE_DEBUG_INFO = YES;
				ONLY_ACTIVE_ARCH = YES;
				SDKROOT = iphoneos;
			};
			name = Debug;
		};
		CC09634F1FFDC07000D3FAD1 /* Release */ = {
			isa = XCBuildConfiguration;
			buildSettings = {
				ALWAYS_SEARCH_USER_PATHS = NO;
				CLANG_ANALYZER_NONNULL = YES;
				CLANG_ANALYZER_NUMBER_OBJECT_CONVERSION = YES_AGGRESSIVE;
				CLANG_CXX_LANGUAGE_STANDARD = "gnu++14";
				CLANG_CXX_LIBRARY = "libc++";
				CLANG_ENABLE_MODULES = YES;
				CLANG_ENABLE_OBJC_ARC = YES;
				CLANG_WARN_BLOCK_CAPTURE_AUTORELEASING = YES;
				CLANG_WARN_BOOL_CONVERSION = YES;
				CLANG_WARN_COMMA = YES;
				CLANG_WARN_CONSTANT_CONVERSION = YES;
				CLANG_WARN_DIRECT_OBJC_ISA_USAGE = YES_ERROR;
				CLANG_WARN_DOCUMENTATION_COMMENTS = YES;
				CLANG_WARN_EMPTY_BODY = YES;
				CLANG_WARN_ENUM_CONVERSION = YES;
				CLANG_WARN_INFINITE_RECURSION = YES;
				CLANG_WARN_INT_CONVERSION = YES;
				CLANG_WARN_NON_LITERAL_NULL_CONVERSION = YES;
				CLANG_WARN_OBJC_LITERAL_CONVERSION = YES;
				CLANG_WARN_OBJC_ROOT_CLASS = YES_ERROR;
				CLANG_WARN_RANGE_LOOP_ANALYSIS = YES;
				CLANG_WARN_STRICT_PROTOTYPES = YES;
				CLANG_WARN_SUSPICIOUS_MOVE = YES;
				CLANG_WARN_UNGUARDED_AVAILABILITY = YES_AGGRESSIVE;
				CLANG_WARN_UNREACHABLE_CODE = YES;
				CLANG_WARN__DUPLICATE_METHOD_MATCH = YES;
				CODE_SIGN_IDENTITY = "iPhone Developer";
				COPY_PHASE_STRIP = NO;
				DEBUG_INFORMATION_FORMAT = "dwarf-with-dsym";
				ENABLE_NS_ASSERTIONS = NO;
				ENABLE_STRICT_OBJC_MSGSEND = YES;
				GCC_C_LANGUAGE_STANDARD = gnu11;
				GCC_NO_COMMON_BLOCKS = YES;
				GCC_WARN_64_TO_32_BIT_CONVERSION = YES;
				GCC_WARN_ABOUT_RETURN_TYPE = YES_ERROR;
				GCC_WARN_UNDECLARED_SELECTOR = YES;
				GCC_WARN_UNINITIALIZED_AUTOS = YES_AGGRESSIVE;
				GCC_WARN_UNUSED_FUNCTION = YES;
				GCC_WARN_UNUSED_VARIABLE = YES;
				IPHONEOS_DEPLOYMENT_TARGET = 11.2;
				MTL_ENABLE_DEBUG_INFO = NO;
				SDKROOT = iphoneos;
				VALIDATE_PRODUCT = YES;
			};
			name = Release;
		};
		CC0963511FFDC07000D3FAD1 /* Debug */ = {
			isa = XCBuildConfiguration;
			baseConfigurationReference = 987F3660115083398184331A /* Pods-TTCreditCard.debug.xcconfig */;
			buildSettings = {
				ASSETCATALOG_COMPILER_APPICON_NAME = AppIcon;
				ASSETCATALOG_COMPILER_LAUNCHIMAGE_NAME = LaunchImage;
				CODE_SIGN_STYLE = Automatic;
				DEVELOPMENT_TEAM = 9LM8ESFRBK;
				GCC_PRECOMPILE_PREFIX_HEADER = YES;
				GCC_PREFIX_HEADER = "$(SRCROOT)/TTCreditCard/APPStart/PrefixHeader.pch";
				HEADER_SEARCH_PATHS = "$(SDK_ROOT)/usr/include/libxml2";
				INFOPLIST_FILE = TTCreditCard/Info.plist;
				IPHONEOS_DEPLOYMENT_TARGET = 8.3;
				LD_RUNPATH_SEARCH_PATHS = "$(inherited) @executable_path/Frameworks";
				OTHER_LDFLAGS = (
					"$(inherited)",
					"-ObjC",
					"-framework",
					"\"AFNetworking\"",
					"-framework",
					"\"EGOCache\"",
					"-framework",
					"\"FMDB\"",
					"-framework",
					"\"LBXScan\"",
					"-framework",
					"\"LEEAlert\"",
					"-framework",
					"\"MBProgressHUD\"",
					"-framework",
					"\"Masonry\"",
					"-framework",
					"\"SDCycleScrollView\"",
					"-framework",
					"\"SDWebImage\"",
					"-framework",
					"\"YJProgressHUD\"",
					"-framework",
					"\"YYKit\"",
					"-framework",
					"\"ZBarSDK\"",
				);
				PRODUCT_BUNDLE_IDENTIFIER = www.tuotuo.com.TTCreditCard;
				PRODUCT_NAME = "$(TARGET_NAME)";
				TARGETED_DEVICE_FAMILY = 1;
				USER_HEADER_SEARCH_PATHS = "$(SRCROOT)/**";
			};
			name = Debug;
		};
		CC0963521FFDC07000D3FAD1 /* Release */ = {
			isa = XCBuildConfiguration;
			baseConfigurationReference = 84E1658F674E94FC208F6189 /* Pods-TTCreditCard.release.xcconfig */;
			buildSettings = {
				ASSETCATALOG_COMPILER_APPICON_NAME = AppIcon;
				ASSETCATALOG_COMPILER_LAUNCHIMAGE_NAME = LaunchImage;
				CODE_SIGN_STYLE = Automatic;
				DEVELOPMENT_TEAM = 9LM8ESFRBK;
				GCC_PRECOMPILE_PREFIX_HEADER = YES;
				GCC_PREFIX_HEADER = "$(SRCROOT)/TTCreditCard/APPStart/PrefixHeader.pch";
				HEADER_SEARCH_PATHS = "$(SDK_ROOT)/usr/include/libxml2";
				INFOPLIST_FILE = TTCreditCard/Info.plist;
				IPHONEOS_DEPLOYMENT_TARGET = 8.3;
				LD_RUNPATH_SEARCH_PATHS = "$(inherited) @executable_path/Frameworks";
				OTHER_LDFLAGS = (
					"$(inherited)",
					"-ObjC",
					"-framework",
					"\"AFNetworking\"",
					"-framework",
					"\"EGOCache\"",
					"-framework",
					"\"FMDB\"",
					"-framework",
					"\"LBXScan\"",
					"-framework",
					"\"LEEAlert\"",
					"-framework",
					"\"MBProgressHUD\"",
					"-framework",
					"\"Masonry\"",
					"-framework",
					"\"SDCycleScrollView\"",
					"-framework",
					"\"SDWebImage\"",
					"-framework",
					"\"YJProgressHUD\"",
					"-framework",
					"\"YYKit\"",
					"-framework",
					"\"ZBarSDK\"",
				);
				PRODUCT_BUNDLE_IDENTIFIER = www.tuotuo.com.TTCreditCard;
				PRODUCT_NAME = "$(TARGET_NAME)";
				TARGETED_DEVICE_FAMILY = 1;
				USER_HEADER_SEARCH_PATHS = "$(SRCROOT)/**";
			};
			name = Release;
		};
		CC0963541FFDC07000D3FAD1 /* Debug */ = {
			isa = XCBuildConfiguration;
			buildSettings = {
				BUNDLE_LOADER = "$(TEST_HOST)";
				CODE_SIGN_STYLE = Automatic;
				DEVELOPMENT_TEAM = 9LM8ESFRBK;
				INFOPLIST_FILE = TTCreditCardTests/Info.plist;
				LD_RUNPATH_SEARCH_PATHS = "$(inherited) @executable_path/Frameworks @loader_path/Frameworks";
				PRODUCT_BUNDLE_IDENTIFIER = www.tuotuo.com.TTCreditCardTests;
				PRODUCT_NAME = "$(TARGET_NAME)";
				TARGETED_DEVICE_FAMILY = "1,2";
				TEST_HOST = "$(BUILT_PRODUCTS_DIR)/TTCreditCard.app/TTCreditCard";
			};
			name = Debug;
		};
		CC0963551FFDC07000D3FAD1 /* Release */ = {
			isa = XCBuildConfiguration;
			buildSettings = {
				BUNDLE_LOADER = "$(TEST_HOST)";
				CODE_SIGN_STYLE = Automatic;
				DEVELOPMENT_TEAM = 9LM8ESFRBK;
				INFOPLIST_FILE = TTCreditCardTests/Info.plist;
				LD_RUNPATH_SEARCH_PATHS = "$(inherited) @executable_path/Frameworks @loader_path/Frameworks";
				PRODUCT_BUNDLE_IDENTIFIER = www.tuotuo.com.TTCreditCardTests;
				PRODUCT_NAME = "$(TARGET_NAME)";
				TARGETED_DEVICE_FAMILY = "1,2";
				TEST_HOST = "$(BUILT_PRODUCTS_DIR)/TTCreditCard.app/TTCreditCard";
			};
			name = Release;
		};
		CC0963571FFDC07000D3FAD1 /* Debug */ = {
			isa = XCBuildConfiguration;
			buildSettings = {
				CODE_SIGN_STYLE = Automatic;
				DEVELOPMENT_TEAM = 9LM8ESFRBK;
				INFOPLIST_FILE = TTCreditCardUITests/Info.plist;
				LD_RUNPATH_SEARCH_PATHS = "$(inherited) @executable_path/Frameworks @loader_path/Frameworks";
				PRODUCT_BUNDLE_IDENTIFIER = www.tuotuo.com.TTCreditCardUITests;
				PRODUCT_NAME = "$(TARGET_NAME)";
				TARGETED_DEVICE_FAMILY = "1,2";
				TEST_TARGET_NAME = TTCreditCard;
			};
			name = Debug;
		};
		CC0963581FFDC07000D3FAD1 /* Release */ = {
			isa = XCBuildConfiguration;
			buildSettings = {
				CODE_SIGN_STYLE = Automatic;
				DEVELOPMENT_TEAM = 9LM8ESFRBK;
				INFOPLIST_FILE = TTCreditCardUITests/Info.plist;
				LD_RUNPATH_SEARCH_PATHS = "$(inherited) @executable_path/Frameworks @loader_path/Frameworks";
				PRODUCT_BUNDLE_IDENTIFIER = www.tuotuo.com.TTCreditCardUITests;
				PRODUCT_NAME = "$(TARGET_NAME)";
				TARGETED_DEVICE_FAMILY = "1,2";
				TEST_TARGET_NAME = TTCreditCard;
			};
			name = Release;
		};
/* End XCBuildConfiguration section */

/* Begin XCConfigurationList section */
		CC09631F1FFDC06F00D3FAD1 /* Build configuration list for PBXProject "TTCreditCard" */ = {
			isa = XCConfigurationList;
			buildConfigurations = (
				CC09634E1FFDC07000D3FAD1 /* Debug */,
				CC09634F1FFDC07000D3FAD1 /* Release */,
			);
			defaultConfigurationIsVisible = 0;
			defaultConfigurationName = Release;
		};
		CC0963501FFDC07000D3FAD1 /* Build configuration list for PBXNativeTarget "TTCreditCard" */ = {
			isa = XCConfigurationList;
			buildConfigurations = (
				CC0963511FFDC07000D3FAD1 /* Debug */,
				CC0963521FFDC07000D3FAD1 /* Release */,
			);
			defaultConfigurationIsVisible = 0;
			defaultConfigurationName = Release;
		};
		CC0963531FFDC07000D3FAD1 /* Build configuration list for PBXNativeTarget "TTCreditCardTests" */ = {
			isa = XCConfigurationList;
			buildConfigurations = (
				CC0963541FFDC07000D3FAD1 /* Debug */,
				CC0963551FFDC07000D3FAD1 /* Release */,
			);
			defaultConfigurationIsVisible = 0;
			defaultConfigurationName = Release;
		};
		CC0963561FFDC07000D3FAD1 /* Build configuration list for PBXNativeTarget "TTCreditCardUITests" */ = {
			isa = XCConfigurationList;
			buildConfigurations = (
				CC0963571FFDC07000D3FAD1 /* Debug */,
				CC0963581FFDC07000D3FAD1 /* Release */,
			);
			defaultConfigurationIsVisible = 0;
			defaultConfigurationName = Release;
		};
/* End XCConfigurationList section */
	};
	rootObject = CC09631C1FFDC06F00D3FAD1 /* Project object */;
}
